// !$*UTF8*$!
{
	archiveVersion = 1;
	classes = {
	};
	objectVersion = 56;
	objects = {

/* Begin PBXBuildFile section */
		8C44919C2BF507930005C1C2 /* RegistrationForm.swift in Sources */ = {isa = PBXBuildFile; fileRef = 8C44919B2BF507930005C1C2 /* RegistrationForm.swift */; };
		8C573DA02BF65F3A00501565 /* MoreSwiftUI.swift in Sources */ = {isa = PBXBuildFile; fileRef = 8C573D9F2BF65F3A00501565 /* MoreSwiftUI.swift */; };
		8C573DA42BF7C18400501565 /* Grid.swift in Sources */ = {isa = PBXBuildFile; fileRef = 8C573DA32BF7C18400501565 /* Grid.swift */; };
		8C85E8C42BFA6E8A005B6201 /* SwiftUIState.swift in Sources */ = {isa = PBXBuildFile; fileRef = 8C85E8C32BFA6E8A005B6201 /* SwiftUIState.swift */; };
		8C85E8C62BFA73B2005B6201 /* SwiftUIBinding.swift in Sources */ = {isa = PBXBuildFile; fileRef = 8C85E8C52BFA73B2005B6201 /* SwiftUIBinding.swift */; };
		8C85E8CE2BFBAFC6005B6201 /* ObservableObject & ObservedObject.swift in Sources */ = {isa = PBXBuildFile; fileRef = 8C85E8CD2BFBAFC6005B6201 /* ObservableObject & ObservedObject.swift */; };
		8C85E8D02BFBB520005B6201 /* Environment Objects.swift in Sources */ = {isa = PBXBuildFile; fileRef = 8C85E8CF2BFBB520005B6201 /* Environment Objects.swift */; };
		8C85E8D22BFD0496005B6201 /* StateObject.swift in Sources */ = {isa = PBXBuildFile; fileRef = 8C85E8D12BFD0496005B6201 /* StateObject.swift */; };
		8CA749C32BF9583200753A6A /* CustomViewModifier.swift in Sources */ = {isa = PBXBuildFile; fileRef = 8CA749C22BF9583200753A6A /* CustomViewModifier.swift */; };
		8CA749C52BF962FC00753A6A /* CustomShape.swift in Sources */ = {isa = PBXBuildFile; fileRef = 8CA749C42BF962FC00753A6A /* CustomShape.swift */; };
		8CB4F4922BF1191200BA2A90 /* KodecoSwiftUICookbookApp.swift in Sources */ = {isa = PBXBuildFile; fileRef = 8CB4F4912BF1191200BA2A90 /* KodecoSwiftUICookbookApp.swift */; };
		8CB4F4942BF1191200BA2A90 /* ContentView.swift in Sources */ = {isa = PBXBuildFile; fileRef = 8CB4F4932BF1191200BA2A90 /* ContentView.swift */; };
		8CB4F4962BF1191400BA2A90 /* Assets.xcassets in Resources */ = {isa = PBXBuildFile; fileRef = 8CB4F4952BF1191400BA2A90 /* Assets.xcassets */; };
		8CB4F4992BF1191400BA2A90 /* Preview Assets.xcassets in Resources */ = {isa = PBXBuildFile; fileRef = 8CB4F4982BF1191400BA2A90 /* Preview Assets.xcassets */; };
/* End PBXBuildFile section */

/* Begin PBXFileReference section */
		8C44919B2BF507930005C1C2 /* RegistrationForm.swift */ = {isa = PBXFileReference; lastKnownFileType = sourcecode.swift; path = RegistrationForm.swift; sourceTree = "<group>"; };
		8C573D9F2BF65F3A00501565 /* MoreSwiftUI.swift */ = {isa = PBXFileReference; lastKnownFileType = sourcecode.swift; path = MoreSwiftUI.swift; sourceTree = "<group>"; };
		8C573DA32BF7C18400501565 /* Grid.swift */ = {isa = PBXFileReference; lastKnownFileType = sourcecode.swift; path = Grid.swift; sourceTree = "<group>"; };
		8C85E8C32BFA6E8A005B6201 /* SwiftUIState.swift */ = {isa = PBXFileReference; lastKnownFileType = sourcecode.swift; path = SwiftUIState.swift; sourceTree = "<group>"; };
		8C85E8C52BFA73B2005B6201 /* SwiftUIBinding.swift */ = {isa = PBXFileReference; lastKnownFileType = sourcecode.swift; path = SwiftUIBinding.swift; sourceTree = "<group>"; };
		8C85E8CD2BFBAFC6005B6201 /* ObservableObject & ObservedObject.swift */ = {isa = PBXFileReference; lastKnownFileType = sourcecode.swift; path = "ObservableObject & ObservedObject.swift"; sourceTree = "<group>"; };
		8C85E8CF2BFBB520005B6201 /* Environment Objects.swift */ = {isa = PBXFileReference; lastKnownFileType = sourcecode.swift; path = "Environment Objects.swift"; sourceTree = "<group>"; };
		8C85E8D12BFD0496005B6201 /* StateObject.swift */ = {isa = PBXFileReference; lastKnownFileType = sourcecode.swift; path = StateObject.swift; sourceTree = "<group>"; };
		8CA749C22BF9583200753A6A /* CustomViewModifier.swift */ = {isa = PBXFileReference; lastKnownFileType = sourcecode.swift; path = CustomViewModifier.swift; sourceTree = "<group>"; };
		8CA749C42BF962FC00753A6A /* CustomShape.swift */ = {isa = PBXFileReference; lastKnownFileType = sourcecode.swift; path = CustomShape.swift; sourceTree = "<group>"; };
		8CB4F48E2BF1191200BA2A90 /* KodecoSwiftUICookbook.app */ = {isa = PBXFileReference; explicitFileType = wrapper.application; includeInIndex = 0; path = KodecoSwiftUICookbook.app; sourceTree = BUILT_PRODUCTS_DIR; };
		8CB4F4912BF1191200BA2A90 /* KodecoSwiftUICookbookApp.swift */ = {isa = PBXFileReference; lastKnownFileType = sourcecode.swift; path = KodecoSwiftUICookbookApp.swift; sourceTree = "<group>"; };
		8CB4F4932BF1191200BA2A90 /* ContentView.swift */ = {isa = PBXFileReference; lastKnownFileType = sourcecode.swift; path = ContentView.swift; sourceTree = "<group>"; };
		8CB4F4952BF1191400BA2A90 /* Assets.xcassets */ = {isa = PBXFileReference; lastKnownFileType = folder.assetcatalog; path = Assets.xcassets; sourceTree = "<group>"; };
		8CB4F4982BF1191400BA2A90 /* Preview Assets.xcassets */ = {isa = PBXFileReference; lastKnownFileType = folder.assetcatalog; path = "Preview Assets.xcassets"; sourceTree = "<group>"; };
/* End PBXFileReference section */

/* Begin PBXFrameworksBuildPhase section */
		8CB4F48B2BF1191200BA2A90 /* Frameworks */ = {
			isa = PBXFrameworksBuildPhase;
			buildActionMask = 2147483647;
			files = (
			);
			runOnlyForDeploymentPostprocessing = 0;
		};
/* End PBXFrameworksBuildPhase section */

/* Begin PBXGroup section */
		8CB4F4852BF1191200BA2A90 = {
			isa = PBXGroup;
			children = (
				8CB4F4902BF1191200BA2A90 /* KodecoSwiftUICookbook */,
				8CB4F48F2BF1191200BA2A90 /* Products */,
			);
			sourceTree = "<group>";
		};
		8CB4F48F2BF1191200BA2A90 /* Products */ = {
			isa = PBXGroup;
			children = (
				8CB4F48E2BF1191200BA2A90 /* KodecoSwiftUICookbook.app */,
			);
			name = Products;
			sourceTree = "<group>";
		};
		8CB4F4902BF1191200BA2A90 /* KodecoSwiftUICookbook */ = {
			isa = PBXGroup;
			children = (
				8CB4F4912BF1191200BA2A90 /* KodecoSwiftUICookbookApp.swift */,
				8CB4F4932BF1191200BA2A90 /* ContentView.swift */,
				8CB4F4952BF1191400BA2A90 /* Assets.xcassets */,
				8CB4F4972BF1191400BA2A90 /* Preview Content */,
				8C44919B2BF507930005C1C2 /* RegistrationForm.swift */,
				8C573D9F2BF65F3A00501565 /* MoreSwiftUI.swift */,
				8C573DA32BF7C18400501565 /* Grid.swift */,
				8CA749C22BF9583200753A6A /* CustomViewModifier.swift */,
				8CA749C42BF962FC00753A6A /* CustomShape.swift */,
				8C85E8C32BFA6E8A005B6201 /* SwiftUIState.swift */,
				8C85E8C52BFA73B2005B6201 /* SwiftUIBinding.swift */,
				8C85E8CD2BFBAFC6005B6201 /* ObservableObject & ObservedObject.swift */,
				8C85E8CF2BFBB520005B6201 /* Environment Objects.swift */,
				8C85E8D12BFD0496005B6201 /* StateObject.swift */,
			);
			path = KodecoSwiftUICookbook;
			sourceTree = "<group>";
		};
		8CB4F4972BF1191400BA2A90 /* Preview Content */ = {
			isa = PBXGroup;
			children = (
				8CB4F4982BF1191400BA2A90 /* Preview Assets.xcassets */,
			);
			path = "Preview Content";
			sourceTree = "<group>";
		};
/* End PBXGroup section */

/* Begin PBXNativeTarget section */
		8CB4F48D2BF1191200BA2A90 /* KodecoSwiftUICookbook */ = {
			isa = PBXNativeTarget;
			buildConfigurationList = 8CB4F49C2BF1191400BA2A90 /* Build configuration list for PBXNativeTarget "KodecoSwiftUICookbook" */;
			buildPhases = (
				8CB4F48A2BF1191200BA2A90 /* Sources */,
				8CB4F48B2BF1191200BA2A90 /* Frameworks */,
				8CB4F48C2BF1191200BA2A90 /* Resources */,
			);
			buildRules = (
			);
			dependencies = (
			);
			name = KodecoSwiftUICookbook;
			productName = KodecoSwiftUICookbook;
			productReference = 8CB4F48E2BF1191200BA2A90 /* KodecoSwiftUICookbook.app */;
			productType = "com.apple.product-type.application";
		};
/* End PBXNativeTarget section */

/* Begin PBXProject section */
		8CB4F4862BF1191200BA2A90 /* Project object */ = {
			isa = PBXProject;
			attributes = {
				BuildIndependentTargetsInParallel = 1;
				LastSwiftUpdateCheck = 1510;
				LastUpgradeCheck = 1510;
				TargetAttributes = {
					8CB4F48D2BF1191200BA2A90 = {
						CreatedOnToolsVersion = 15.1;
					};
				};
			};
			buildConfigurationList = 8CB4F4892BF1191200BA2A90 /* Build configuration list for PBXProject "KodecoSwiftUICookbook" */;
			compatibilityVersion = "Xcode 14.0";
			developmentRegion = en;
			hasScannedForEncodings = 0;
			knownRegions = (
				en,
				Base,
			);
			mainGroup = 8CB4F4852BF1191200BA2A90;
			productRefGroup = 8CB4F48F2BF1191200BA2A90 /* Products */;
			projectDirPath = "";
			projectRoot = "";
			targets = (
				8CB4F48D2BF1191200BA2A90 /* KodecoSwiftUICookbook */,
			);
		};
/* End PBXProject section */

/* Begin PBXResourcesBuildPhase section */
		8CB4F48C2BF1191200BA2A90 /* Resources */ = {
			isa = PBXResourcesBuildPhase;
			buildActionMask = 2147483647;
			files = (
				8CB4F4992BF1191400BA2A90 /* Preview Assets.xcassets in Resources */,
				8CB4F4962BF1191400BA2A90 /* Assets.xcassets in Resources */,
			);
			runOnlyForDeploymentPostprocessing = 0;
		};
/* End PBXResourcesBuildPhase section */

/* Begin PBXSourcesBuildPhase section */
		8CB4F48A2BF1191200BA2A90 /* Sources */ = {
			isa = PBXSourcesBuildPhase;
			buildActionMask = 2147483647;
			files = (
				8C85E8D22BFD0496005B6201 /* StateObject.swift in Sources */,
				8CB4F4942BF1191200BA2A90 /* ContentView.swift in Sources */,
				8C85E8D02BFBB520005B6201 /* Environment Objects.swift in Sources */,
				8C85E8C42BFA6E8A005B6201 /* SwiftUIState.swift in Sources */,
				8CB4F4922BF1191200BA2A90 /* KodecoSwiftUICookbookApp.swift in Sources */,
				8CA749C32BF9583200753A6A /* CustomViewModifier.swift in Sources */,
				8C85E8C62BFA73B2005B6201 /* SwiftUIBinding.swift in Sources */,
				8C573DA02BF65F3A00501565 /* MoreSwiftUI.swift in Sources */,
				8C573DA42BF7C18400501565 /* Grid.swift in Sources */,
				8C85E8CE2BFBAFC6005B6201 /* ObservableObject & ObservedObject.swift in Sources */,
				8CA749C52BF962FC00753A6A /* CustomShape.swift in Sources */,
				8C44919C2BF507930005C1C2 /* RegistrationForm.swift in Sources */,
			);
			runOnlyForDeploymentPostprocessing = 0;
		};
/* End PBXSourcesBuildPhase section */

/* Begin XCBuildConfiguration section */
		8CB4F49A2BF1191400BA2A90 /* Debug */ = {
			isa = XCBuildConfiguration;
			buildSettings = {
				ALWAYS_SEARCH_USER_PATHS = NO;
				ASSETCATALOG_COMPILER_GENERATE_SWIFT_ASSET_SYMBOL_EXTENSIONS = YES;
				CLANG_ANALYZER_NONNULL = YES;
				CLANG_ANALYZER_NUMBER_OBJECT_CONVERSION = YES_AGGRESSIVE;
				CLANG_CXX_LANGUAGE_STANDARD = "gnu++20";
				CLANG_ENABLE_MODULES = YES;
				CLANG_ENABLE_OBJC_ARC = YES;
				CLANG_ENABLE_OBJC_WEAK = YES;
				CLANG_WARN_BLOCK_CAPTURE_AUTORELEASING = YES;
				CLANG_WARN_BOOL_CONVERSION = YES;
				CLANG_WARN_COMMA = YES;
				CLANG_WARN_CONSTANT_CONVERSION = YES;
				CLANG_WARN_DEPRECATED_OBJC_IMPLEMENTATIONS = YES;
				CLANG_WARN_DIRECT_OBJC_ISA_USAGE = YES_ERROR;
				CLANG_WARN_DOCUMENTATION_COMMENTS = YES;
				CLANG_WARN_EMPTY_BODY = YES;
				CLANG_WARN_ENUM_CONVERSION = YES;
				CLANG_WARN_INFINITE_RECURSION = YES;
				CLANG_WARN_INT_CONVERSION = YES;
				CLANG_WARN_NON_LITERAL_NULL_CONVERSION = YES;
				CLANG_WARN_OBJC_IMPLICIT_RETAIN_SELF = YES;
				CLANG_WARN_OBJC_LITERAL_CONVERSION = YES;
				CLANG_WARN_OBJC_ROOT_CLASS = YES_ERROR;
				CLANG_WARN_QUOTED_INCLUDE_IN_FRAMEWORK_HEADER = YES;
				CLANG_WARN_RANGE_LOOP_ANALYSIS = YES;
				CLANG_WARN_STRICT_PROTOTYPES = YES;
				CLANG_WARN_SUSPICIOUS_MOVE = YES;
				CLANG_WARN_UNGUARDED_AVAILABILITY = YES_AGGRESSIVE;
				CLANG_WARN_UNREACHABLE_CODE = YES;
				CLANG_WARN__DUPLICATE_METHOD_MATCH = YES;
				COPY_PHASE_STRIP = NO;
				DEBUG_INFORMATION_FORMAT = dwarf;
				ENABLE_STRICT_OBJC_MSGSEND = YES;
				ENABLE_TESTABILITY = YES;
				ENABLE_USER_SCRIPT_SANDBOXING = YES;
				GCC_C_LANGUAGE_STANDARD = gnu17;
				GCC_DYNAMIC_NO_PIC = NO;
				GCC_NO_COMMON_BLOCKS = YES;
				GCC_OPTIMIZATION_LEVEL = 0;
				GCC_PREPROCESSOR_DEFINITIONS = (
					"DEBUG=1",
					"$(inherited)",
				);
				GCC_WARN_64_TO_32_BIT_CONVERSION = YES;
				GCC_WARN_ABOUT_RETURN_TYPE = YES_ERROR;
				GCC_WARN_UNDECLARED_SELECTOR = YES;
				GCC_WARN_UNINITIALIZED_AUTOS = YES_AGGRESSIVE;
				GCC_WARN_UNUSED_FUNCTION = YES;
				GCC_WARN_UNUSED_VARIABLE = YES;
				IPHONEOS_DEPLOYMENT_TARGET = 17.2;
				LOCALIZATION_PREFERS_STRING_CATALOGS = YES;
				MTL_ENABLE_DEBUG_INFO = INCLUDE_SOURCE;
				MTL_FAST_MATH = YES;
				ONLY_ACTIVE_ARCH = YES;
				SDKROOT = iphoneos;
				SWIFT_ACTIVE_COMPILATION_CONDITIONS = "DEBUG $(inherited)";
				SWIFT_OPTIMIZATION_LEVEL = "-Onone";
			};
			name = Debug;
		};
		8CB4F49B2BF1191400BA2A90 /* Release */ = {
			isa = XCBuildConfiguration;
			buildSettings = {
				ALWAYS_SEARCH_USER_PATHS = NO;
				ASSETCATALOG_COMPILER_GENERATE_SWIFT_ASSET_SYMBOL_EXTENSIONS = YES;
				CLANG_ANALYZER_NONNULL = YES;
				CLANG_ANALYZER_NUMBER_OBJECT_CONVERSION = YES_AGGRESSIVE;
				CLANG_CXX_LANGUAGE_STANDARD = "gnu++20";
				CLANG_ENABLE_MODULES = YES;
				CLANG_ENABLE_OBJC_ARC = YES;
				CLANG_ENABLE_OBJC_WEAK = YES;
				CLANG_WARN_BLOCK_CAPTURE_AUTORELEASING = YES;
				CLANG_WARN_BOOL_CONVERSION = YES;
				CLANG_WARN_COMMA = YES;
				CLANG_WARN_CONSTANT_CONVERSION = YES;
				CLANG_WARN_DEPRECATED_OBJC_IMPLEMENTATIONS = YES;
				CLANG_WARN_DIRECT_OBJC_ISA_USAGE = YES_ERROR;
				CLANG_WARN_DOCUMENTATION_COMMENTS = YES;
				CLANG_WARN_EMPTY_BODY = YES;
				CLANG_WARN_ENUM_CONVERSION = YES;
				CLANG_WARN_INFINITE_RECURSION = YES;
				CLANG_WARN_INT_CONVERSION = YES;
				CLANG_WARN_NON_LITERAL_NULL_CONVERSION = YES;
				CLANG_WARN_OBJC_IMPLICIT_RETAIN_SELF = YES;
				CLANG_WARN_OBJC_LITERAL_CONVERSION = YES;
				CLANG_WARN_OBJC_ROOT_CLASS = YES_ERROR;
				CLANG_WARN_QUOTED_INCLUDE_IN_FRAMEWORK_HEADER = YES;
				CLANG_WARN_RANGE_LOOP_ANALYSIS = YES;
				CLANG_WARN_STRICT_PROTOTYPES = YES;
				CLANG_WARN_SUSPICIOUS_MOVE = YES;
				CLANG_WARN_UNGUARDED_AVAILABILITY = YES_AGGRESSIVE;
				CLANG_WARN_UNREACHABLE_CODE = YES;
				CLANG_WARN__DUPLICATE_METHOD_MATCH = YES;
				COPY_PHASE_STRIP = NO;
				DEBUG_INFORMATION_FORMAT = "dwarf-with-dsym";
				ENABLE_NS_ASSERTIONS = NO;
				ENABLE_STRICT_OBJC_MSGSEND = YES;
				ENABLE_USER_SCRIPT_SANDBOXING = YES;
				GCC_C_LANGUAGE_STANDARD = gnu17;
				GCC_NO_COMMON_BLOCKS = YES;
				GCC_WARN_64_TO_32_BIT_CONVERSION = YES;
				GCC_WARN_ABOUT_RETURN_TYPE = YES_ERROR;
				GCC_WARN_UNDECLARED_SELECTOR = YES;
				GCC_WARN_UNINITIALIZED_AUTOS = YES_AGGRESSIVE;
				GCC_WARN_UNUSED_FUNCTION = YES;
				GCC_WARN_UNUSED_VARIABLE = YES;
				IPHONEOS_DEPLOYMENT_TARGET = 17.2;
				LOCALIZATION_PREFERS_STRING_CATALOGS = YES;
				MTL_ENABLE_DEBUG_INFO = NO;
				MTL_FAST_MATH = YES;
				SDKROOT = iphoneos;
				SWIFT_COMPILATION_MODE = wholemodule;
				VALIDATE_PRODUCT = YES;
			};
			name = Release;
		};
		8CB4F49D2BF1191400BA2A90 /* Debug */ = {
			isa = XCBuildConfiguration;
			buildSettings = {
				ASSETCATALOG_COMPILER_APPICON_NAME = AppIcon;
				ASSETCATALOG_COMPILER_GLOBAL_ACCENT_COLOR_NAME = AccentColor;
				CODE_SIGN_STYLE = Automatic;
				CURRENT_PROJECT_VERSION = 1;
				DEVELOPMENT_ASSET_PATHS = "\"KodecoSwiftUICookbook/Preview Content\"";
				DEVELOPMENT_TEAM = 86C8SC428C;
				ENABLE_PREVIEWS = YES;
				GENERATE_INFOPLIST_FILE = YES;
				INFOPLIST_KEY_UIApplicationSceneManifest_Generation = YES;
				INFOPLIST_KEY_UIApplicationSupportsIndirectInputEvents = YES;
				INFOPLIST_KEY_UILaunchScreen_Generation = YES;
				INFOPLIST_KEY_UISupportedInterfaceOrientations_iPad = "UIInterfaceOrientationPortrait UIInterfaceOrientationPortraitUpsideDown UIInterfaceOrientationLandscapeLeft UIInterfaceOrientationLandscapeRight";
				INFOPLIST_KEY_UISupportedInterfaceOrientations_iPhone = "UIInterfaceOrientationPortrait UIInterfaceOrientationLandscapeLeft UIInterfaceOrientationLandscapeRight";
				LD_RUNPATH_SEARCH_PATHS = (
					"$(inherited)",
					"@executable_path/Frameworks",
				);
				MARKETING_VERSION = 1.0;
				PRODUCT_BUNDLE_IDENTIFIER = com.sigabrt.KodecoSwiftUICookbook;
				PRODUCT_NAME = "$(TARGET_NAME)";
				SWIFT_EMIT_LOC_STRINGS = YES;
				SWIFT_VERSION = 5.0;
				TARGETED_DEVICE_FAMILY = "1,2";
			};
			name = Debug;
		};
		8CB4F49E2BF1191400BA2A90 /* Release */ = {
			isa = XCBuildConfiguration;
			buildSettings = {
				ASSETCATALOG_COMPILER_APPICON_NAME = AppIcon;
				ASSETCATALOG_COMPILER_GLOBAL_ACCENT_COLOR_NAME = AccentColor;
				CODE_SIGN_STYLE = Automatic;
				CURRENT_PROJECT_VERSION = 1;
				DEVELOPMENT_ASSET_PATHS = "\"KodecoSwiftUICookbook/Preview Content\"";
				DEVELOPMENT_TEAM = 86C8SC428C;
				ENABLE_PREVIEWS = YES;
				GENERATE_INFOPLIST_FILE = YES;
				INFOPLIST_KEY_UIApplicationSceneManifest_Generation = YES;
				INFOPLIST_KEY_UIApplicationSupportsIndirectInputEvents = YES;
				INFOPLIST_KEY_UILaunchScreen_Generation = YES;
				INFOPLIST_KEY_UISupportedInterfaceOrientations_iPad = "UIInterfaceOrientationPortrait UIInterfaceOrientationPortraitUpsideDown UIInterfaceOrientationLandscapeLeft UIInterfaceOrientationLandscapeRight";
				INFOPLIST_KEY_UISupportedInterfaceOrientations_iPhone = "UIInterfaceOrientationPortrait UIInterfaceOrientationLandscapeLeft UIInterfaceOrientationLandscapeRight";
				LD_RUNPATH_SEARCH_PATHS = (
					"$(inherited)",
					"@executable_path/Frameworks",
				);
				MARKETING_VERSION = 1.0;
				PRODUCT_BUNDLE_IDENTIFIER = com.sigabrt.KodecoSwiftUICookbook;
				PRODUCT_NAME = "$(TARGET_NAME)";
				SWIFT_EMIT_LOC_STRINGS = YES;
				SWIFT_VERSION = 5.0;
				TARGETED_DEVICE_FAMILY = "1,2";
			};
			name = Release;
		};
/* End XCBuildConfiguration section */

/* Begin XCConfigurationList section */
		8CB4F4892BF1191200BA2A90 /* Build configuration list for PBXProject "KodecoSwiftUICookbook" */ = {
			isa = XCConfigurationList;
			buildConfigurations = (
				8CB4F49A2BF1191400BA2A90 /* Debug */,
				8CB4F49B2BF1191400BA2A90 /* Release */,
			);
			defaultConfigurationIsVisible = 0;
			defaultConfigurationName = Release;
		};
		8CB4F49C2BF1191400BA2A90 /* Build configuration list for PBXNativeTarget "KodecoSwiftUICookbook" */ = {
			isa = XCConfigurationList;
			buildConfigurations = (
				8CB4F49D2BF1191400BA2A90 /* Debug */,
				8CB4F49E2BF1191400BA2A90 /* Release */,
			);
			defaultConfigurationIsVisible = 0;
			defaultConfigurationName = Release;
		};
/* End XCConfigurationList section */
	};
	rootObject = 8CB4F4862BF1191200BA2A90 /* Project object */;
}
