// !$*UTF8*$!
{
	archiveVersion = 1;
	classes = {
	};
	objectVersion = 56;
	objects = {

/* Begin PBXBuildFile section */
		8C08BA9F2C10C54500677F91 /* ShadowToImage.swift in Sources */ = {isa = PBXBuildFile; fileRef = 8C08BA9E2C10C54500677F91 /* ShadowToImage.swift */; };
		8C08BAA12C10C99A00677F91 /* FilterToImage.swift in Sources */ = {isa = PBXBuildFile; fileRef = 8C08BAA02C10C99A00677F91 /* FilterToImage.swift */; };
		8C0B55102C31AE7900BFAFE9 /* ConfigureModalViewHeight.swift in Sources */ = {isa = PBXBuildFile; fileRef = 8C0B550F2C31AE7900BFAFE9 /* ConfigureModalViewHeight.swift */; };
		8C0B55122C31B17E00BFAFE9 /* ListToModal.swift in Sources */ = {isa = PBXBuildFile; fileRef = 8C0B55112C31B17E00BFAFE9 /* ListToModal.swift */; };
		8C1049362C19470A0065C88C /* FormWithSecitons.swift in Sources */ = {isa = PBXBuildFile; fileRef = 8C1049352C19470A0065C88C /* FormWithSecitons.swift */; };
		8C1049382C194CC20065C88C /* CreateCheckBox.swift in Sources */ = {isa = PBXBuildFile; fileRef = 8C1049372C194CC20065C88C /* CreateCheckBox.swift */; };
		8C10493A2C19563D0065C88C /* AddStepper.swift in Sources */ = {isa = PBXBuildFile; fileRef = 8C1049392C19563D0065C88C /* AddStepper.swift */; };
		8C10493C2C1959020065C88C /* CreatePicker.swift in Sources */ = {isa = PBXBuildFile; fileRef = 8C10493B2C1959020065C88C /* CreatePicker.swift */; };
		8C14B4EB2C35014D0007D76A /* RecordingAudioVideo.swift in Sources */ = {isa = PBXBuildFile; fileRef = 8C14B4EA2C35014D0007D76A /* RecordingAudioVideo.swift */; };
		8C22862B2C344E8A0011BE64 /* CreateVideoPlayer.swift in Sources */ = {isa = PBXBuildFile; fileRef = 8C22862A2C344E8A0011BE64 /* CreateVideoPlayer.swift */; };
		8C22862D2C3452E20011BE64 /* CustomizingAudioVideoPlayback.swift in Sources */ = {isa = PBXBuildFile; fileRef = 8C22862C2C3452E20011BE64 /* CustomizingAudioVideoPlayback.swift */; };
		8C2AAA682C12239400C7B29C /* BlendTwoImages.swift in Sources */ = {isa = PBXBuildFile; fileRef = 8C2AAA672C12239400C7B29C /* BlendTwoImages.swift */; };
		8C2AAA6A2C1225F000C7B29C /* AnimatedImages.swift in Sources */ = {isa = PBXBuildFile; fileRef = 8C2AAA692C1225F000C7B29C /* AnimatedImages.swift */; };
		8C2AAA6C2C122C7800C7B29C /* SwiftUIPhotosPicker.swift in Sources */ = {isa = PBXBuildFile; fileRef = 8C2AAA6B2C122C7800C7B29C /* SwiftUIPhotosPicker.swift */; };
		8C2AEC232C03A02200A80EF4 /* EnvironmentValuesSample.swift in Sources */ = {isa = PBXBuildFile; fileRef = 8C2AEC222C03A02200A80EF4 /* EnvironmentValuesSample.swift */; };
		8C2AEC252C06381E00A80EF4 /* BestPracticeForStateManagement.swift in Sources */ = {isa = PBXBuildFile; fileRef = 8C2AEC242C06381E00A80EF4 /* BestPracticeForStateManagement.swift */; };
		8C2AEC2B2C0788DD00A80EF4 /* TextView.swift in Sources */ = {isa = PBXBuildFile; fileRef = 8C2AEC2A2C0788DD00A80EF4 /* TextView.swift */; };
		8C2AEC2D2C07898C00A80EF4 /* StylingText.swift in Sources */ = {isa = PBXBuildFile; fileRef = 8C2AEC2C2C07898C00A80EF4 /* StylingText.swift */; };
		8C2AEC2F2C078A8A00A80EF4 /* MultilineTextView.swift in Sources */ = {isa = PBXBuildFile; fileRef = 8C2AEC2E2C078A8A00A80EF4 /* MultilineTextView.swift */; };
		8C2AEC312C078F8A00A80EF4 /* DynamicTypeTextStyles.swift in Sources */ = {isa = PBXBuildFile; fileRef = 8C2AEC302C078F8A00A80EF4 /* DynamicTypeTextStyles.swift */; };
		8C2AEC332C07918900A80EF4 /* FormatText.swift in Sources */ = {isa = PBXBuildFile; fileRef = 8C2AEC322C07918800A80EF4 /* FormatText.swift */; };
		8C2AEC352C08EA7000A80EF4 /* CustomFonts.swift in Sources */ = {isa = PBXBuildFile; fileRef = 8C2AEC342C08EA7000A80EF4 /* CustomFonts.swift */; };
		8C2AEC372C08EC4B00A80EF4 /* RussoOne-Regular.ttf in Resources */ = {isa = PBXBuildFile; fileRef = 8C2AEC362C08EC4A00A80EF4 /* RussoOne-Regular.ttf */; };
		8C2AEC3A2C08F28800A80EF4 /* CreateTextField.swift in Sources */ = {isa = PBXBuildFile; fileRef = 8C2AEC392C08F28800A80EF4 /* CreateTextField.swift */; };
		8C2AEC422C0AE3FB00A80EF4 /* SeureFieldView.swift in Sources */ = {isa = PBXBuildFile; fileRef = 8C2AEC412C0AE3FB00A80EF4 /* SeureFieldView.swift */; };
		8C2AEC442C0AE66100A80EF4 /* TextFieldKeyboardType.swift in Sources */ = {isa = PBXBuildFile; fileRef = 8C2AEC432C0AE66100A80EF4 /* TextFieldKeyboardType.swift */; };
		8C2AEC462C0CD0D400A80EF4 /* LoadImage.swift in Sources */ = {isa = PBXBuildFile; fileRef = 8C2AEC452C0CD0D400A80EF4 /* LoadImage.swift */; };
		8C2AEC482C0CD30000A80EF4 /* AspectRatios.swift in Sources */ = {isa = PBXBuildFile; fileRef = 8C2AEC472C0CD30000A80EF4 /* AspectRatios.swift */; };
		8C2AEC4A2C0CD42300A80EF4 /* CropImage.swift in Sources */ = {isa = PBXBuildFile; fileRef = 8C2AEC492C0CD42300A80EF4 /* CropImage.swift */; };
		8C2AEC4E2C0EC3AB00A80EF4 /* SFSymbols.swift in Sources */ = {isa = PBXBuildFile; fileRef = 8C2AEC4D2C0EC3AB00A80EF4 /* SFSymbols.swift */; };
		8C2AEC502C0F843F00A80EF4 /* CustomImageShape.swift in Sources */ = {isa = PBXBuildFile; fileRef = 8C2AEC4F2C0F843F00A80EF4 /* CustomImageShape.swift */; };
		8C2B26BA2C31F02E00D5AFCA /* CustomizeCornerRadiusModal.swift in Sources */ = {isa = PBXBuildFile; fileRef = 8C2B26B92C31F02E00D5AFCA /* CustomizeCornerRadiusModal.swift */; };
		8C2B26BC2C31F50900D5AFCA /* CustomBackgroundForModal.swift in Sources */ = {isa = PBXBuildFile; fileRef = 8C2B26BB2C31F50900D5AFCA /* CustomBackgroundForModal.swift */; };
		8C2B26BE2C31F7EE00D5AFCA /* ControlInteractionwithViewBehindModal.swift in Sources */ = {isa = PBXBuildFile; fileRef = 8C2B26BD2C31F7EE00D5AFCA /* ControlInteractionwithViewBehindModal.swift */; };
		8C2B26C02C32FA7A00D5AFCA /* CreateAlert.swift in Sources */ = {isa = PBXBuildFile; fileRef = 8C2B26BF2C32FA7A00D5AFCA /* CreateAlert.swift */; };
		8C2B26C22C32FE9B00D5AFCA /* HandleErrorsWithAlert.swift in Sources */ = {isa = PBXBuildFile; fileRef = 8C2B26C12C32FE9B00D5AFCA /* HandleErrorsWithAlert.swift */; };
		8C2B26C42C3304C600D5AFCA /* PresentConfirmationDialog.swift in Sources */ = {isa = PBXBuildFile; fileRef = 8C2B26C32C3304C600D5AFCA /* PresentConfirmationDialog.swift */; };
		8C3A09112C21D8DA00871DBA /* DeclareAnimation.swift in Sources */ = {isa = PBXBuildFile; fileRef = 8C3A09102C21D8DA00871DBA /* DeclareAnimation.swift */; };
		8C3A09132C21DBC500871DBA /* AnimateViewsOpacity.swift in Sources */ = {isa = PBXBuildFile; fileRef = 8C3A09122C21DBC500871DBA /* AnimateViewsOpacity.swift */; };
		8C3A09152C21DFCC00871DBA /* AnimateViewsPosition.swift in Sources */ = {isa = PBXBuildFile; fileRef = 8C3A09142C21DFCC00871DBA /* AnimateViewsPosition.swift */; };
		8C3A09172C232CED00871DBA /* AnimateViewsRotation.swift in Sources */ = {isa = PBXBuildFile; fileRef = 8C3A09162C232CED00871DBA /* AnimateViewsRotation.swift */; };
		8C3A09192C232F6300871DBA /* AnimateViewsSize.swift in Sources */ = {isa = PBXBuildFile; fileRef = 8C3A09182C232F6300871DBA /* AnimateViewsSize.swift */; };
		8C3A091B2C23315300871DBA /* SprintAnimation.swift in Sources */ = {isa = PBXBuildFile; fileRef = 8C3A091A2C23315300871DBA /* SprintAnimation.swift */; };
		8C3B780B2C1F3533000643C9 /* LazyVGridLazyHGrid.swift in Sources */ = {isa = PBXBuildFile; fileRef = 8C3B780A2C1F3533000643C9 /* LazyVGridLazyHGrid.swift */; };
		8C3B780D2C1F3BAF000643C9 /* SwiftUIScrollView.swift in Sources */ = {isa = PBXBuildFile; fileRef = 8C3B780C2C1F3BAF000643C9 /* SwiftUIScrollView.swift */; };
		8C3B780F2C1F3EE4000643C9 /* ZStackVStack.swift in Sources */ = {isa = PBXBuildFile; fileRef = 8C3B780E2C1F3EE4000643C9 /* ZStackVStack.swift */; };
		8C3D5BC92C1BA51000B06F51 /* PresentModalViewfromTabView.swift in Sources */ = {isa = PBXBuildFile; fileRef = 8C3D5BC82C1BA51000B06F51 /* PresentModalViewfromTabView.swift */; };
		8C3D5BCB2C1BA78200B06F51 /* SwitchTabsProgrammatically.swift in Sources */ = {isa = PBXBuildFile; fileRef = 8C3D5BCA2C1BA78200B06F51 /* SwitchTabsProgrammatically.swift */; };
		8C3D5BCD2C1BA9C500B06F51 /* HideTabView.swift in Sources */ = {isa = PBXBuildFile; fileRef = 8C3D5BCC2C1BA9C500B06F51 /* HideTabView.swift */; };
		8C3D5BCF2C1BACA100B06F51 /* TabViewtoNavigationView.swift in Sources */ = {isa = PBXBuildFile; fileRef = 8C3D5BCE2C1BACA100B06F51 /* TabViewtoNavigationView.swift */; };
		8C3D5BD12C1C94F600B06F51 /* AnimateProgressBar.swift in Sources */ = {isa = PBXBuildFile; fileRef = 8C3D5BD02C1C94F600B06F51 /* AnimateProgressBar.swift */; };
		8C3D5BD32C1C996400B06F51 /* SpinningActivityIndicator.swift in Sources */ = {isa = PBXBuildFile; fileRef = 8C3D5BD22C1C996400B06F51 /* SpinningActivityIndicator.swift */; };
		8C3D5BD52C1C9AD900B06F51 /* CustomizeProgressIndicator.swift in Sources */ = {isa = PBXBuildFile; fileRef = 8C3D5BD42C1C9AD900B06F51 /* CustomizeProgressIndicator.swift */; };
		8C3D5BD72C1D496C00B06F51 /* CircularProgressBar.swift in Sources */ = {isa = PBXBuildFile; fileRef = 8C3D5BD62C1D496C00B06F51 /* CircularProgressBar.swift */; };
		8C3D5BD92C1DE43000B06F51 /* DeterminateProgressBar.swift in Sources */ = {isa = PBXBuildFile; fileRef = 8C3D5BD82C1DE43000B06F51 /* DeterminateProgressBar.swift */; };
		8C3D5BDB2C1DE8DC00B06F51 /* IndeterminateProgress.swift in Sources */ = {isa = PBXBuildFile; fileRef = 8C3D5BDA2C1DE8DC00B06F51 /* IndeterminateProgress.swift */; };
		8C3D5BDD2C1DEAF900B06F51 /* ProgresViewToNavigationBar.swift in Sources */ = {isa = PBXBuildFile; fileRef = 8C3D5BDC2C1DEAF900B06F51 /* ProgresViewToNavigationBar.swift */; };
		8C3D5BDF2C1DED8600B06F51 /* CustomSegmentedProgressBar.swift in Sources */ = {isa = PBXBuildFile; fileRef = 8C3D5BDE2C1DED8600B06F51 /* CustomSegmentedProgressBar.swift */; };
		8C3E31962C2BB94F0043422E /* ExclusiveGestures.swift in Sources */ = {isa = PBXBuildFile; fileRef = 8C3E31952C2BB94F0043422E /* ExclusiveGestures.swift */; };
		8C3E31982C2BC00F0043422E /* SimultaneousGestures.swift in Sources */ = {isa = PBXBuildFile; fileRef = 8C3E31972C2BC00F0043422E /* SimultaneousGestures.swift */; };
		8C3E3AF02C25EC0100741473 /* AnimateBindingValues.swift in Sources */ = {isa = PBXBuildFile; fileRef = 8C3E3AEF2C25EC0100741473 /* AnimateBindingValues.swift */; };
		8C3E3AF22C25F99C00741473 /* AnimateViewTransitions.swift in Sources */ = {isa = PBXBuildFile; fileRef = 8C3E3AF12C25F99C00741473 /* AnimateViewTransitions.swift */; };
		8C44919C2BF507930005C1C2 /* RegistrationForm.swift in Sources */ = {isa = PBXBuildFile; fileRef = 8C44919B2BF507930005C1C2 /* RegistrationForm.swift */; };
		8C4B01DB2C359DFF0072EEFC /* SoundEffects.swift in Sources */ = {isa = PBXBuildFile; fileRef = 8C4B01DA2C359DFF0072EEFC /* SoundEffects.swift */; };
		8C4B01DD2C35A34B0072EEFC /* VideoStreaming.swift in Sources */ = {isa = PBXBuildFile; fileRef = 8C4B01DC2C35A34B0072EEFC /* VideoStreaming.swift */; };
		8C4B01DF2C35A6EE0072EEFC /* AnimatedVisualizationsForAudioVideo.swift in Sources */ = {isa = PBXBuildFile; fileRef = 8C4B01DE2C35A6EE0072EEFC /* AnimatedVisualizationsForAudioVideo.swift */; };
		8C4B01E32C35E42D0072EEFC /* CaptionsSubtitlesToVideos.swift in Sources */ = {isa = PBXBuildFile; fileRef = 8C4B01E22C35E42D0072EEFC /* CaptionsSubtitlesToVideos.swift */; };
		8C4B01E52C35ECEE0072EEFC /* HandlingErrorsExceptionsWhilePlayingAudioVideo.swift in Sources */ = {isa = PBXBuildFile; fileRef = 8C4B01E42C35ECEE0072EEFC /* HandlingErrorsExceptionsWhilePlayingAudioVideo.swift */; };
		8C56A6D52BFFA56300D5AC2B /* StateManagementWithCombine.swift in Sources */ = {isa = PBXBuildFile; fileRef = 8C56A6D42BFFA56300D5AC2B /* StateManagementWithCombine.swift */; };
		8C56A6D72BFFACF300D5AC2B /* AppStorage_SceneStorage.swift in Sources */ = {isa = PBXBuildFile; fileRef = 8C56A6D62BFFACF300D5AC2B /* AppStorage_SceneStorage.swift */; };
		8C573DA02BF65F3A00501565 /* MoreSwiftUI.swift in Sources */ = {isa = PBXBuildFile; fileRef = 8C573D9F2BF65F3A00501565 /* MoreSwiftUI.swift */; };
		8C573DA42BF7C18400501565 /* Grid.swift in Sources */ = {isa = PBXBuildFile; fileRef = 8C573DA32BF7C18400501565 /* Grid.swift */; };
		8C5E220A2C288F3A00CCE092 /* SwipeToDelete.swift in Sources */ = {isa = PBXBuildFile; fileRef = 8C5E22092C288F3A00CCE092 /* SwipeToDelete.swift */; };
		8C5E220C2C2891C800CCE092 /* RotatingViewsWithGestures.swift in Sources */ = {isa = PBXBuildFile; fileRef = 8C5E220B2C2891C800CCE092 /* RotatingViewsWithGestures.swift */; };
		8C5E220E2C28962700CCE092 /* PinchToZoom.swift in Sources */ = {isa = PBXBuildFile; fileRef = 8C5E220D2C28962700CCE092 /* PinchToZoom.swift */; };
		8C64026C2C19FA4A00171F9D /* CreateDatePicker.swift in Sources */ = {isa = PBXBuildFile; fileRef = 8C64026B2C19FA4A00171F9D /* CreateDatePicker.swift */; };
		8C64026E2C19FEDE00171F9D /* CreateSlider.swift in Sources */ = {isa = PBXBuildFile; fileRef = 8C64026D2C19FEDE00171F9D /* CreateSlider.swift */; };
		8C6402702C19FFDE00171F9D /* SegmentedControl.swift in Sources */ = {isa = PBXBuildFile; fileRef = 8C64026F2C19FFDE00171F9D /* SegmentedControl.swift */; };
		8C6402722C1A01F300171F9D /* AddProgressView.swift in Sources */ = {isa = PBXBuildFile; fileRef = 8C6402712C1A01F300171F9D /* AddProgressView.swift */; };
		8C6402742C1A035A00171F9D /* CreateColorPicker.swift in Sources */ = {isa = PBXBuildFile; fileRef = 8C6402732C1A035A00171F9D /* CreateColorPicker.swift */; };
		8C6402782C1A431400171F9D /* CreateTabView.swift in Sources */ = {isa = PBXBuildFile; fileRef = 8C6402772C1A431400171F9D /* CreateTabView.swift */; };
		8C64027A2C1A44A400171F9D /* CustomizeTabView.swift in Sources */ = {isa = PBXBuildFile; fileRef = 8C6402792C1A44A400171F9D /* CustomizeTabView.swift */; };
		8C64027C2C1A48E700171F9D /* CustomIconsToTabViewItems.swift in Sources */ = {isa = PBXBuildFile; fileRef = 8C64027B2C1A48E700171F9D /* CustomIconsToTabViewItems.swift */; };
		8C64027E2C1A4AB900171F9D /* CreateSplitView.swift in Sources */ = {isa = PBXBuildFile; fileRef = 8C64027D2C1A4AB900171F9D /* CreateSplitView.swift */; };
		8C69C7042C13742700D5E041 /* ConsistentSwiftUIDesign.swift in Sources */ = {isa = PBXBuildFile; fileRef = 8C69C7032C13742700D5E041 /* ConsistentSwiftUIDesign.swift */; };
		8C69C7062C137CD400D5E041 /* CreateButton.swift in Sources */ = {isa = PBXBuildFile; fileRef = 8C69C7052C137CD400D5E041 /* CreateButton.swift */; };
		8C69C7082C137EB000D5E041 /* CustomizeButton.swift in Sources */ = {isa = PBXBuildFile; fileRef = 8C69C7072C137EB000D5E041 /* CustomizeButton.swift */; };
		8C69C70C2C14C7A600D5E041 /* ImageToButton.swift in Sources */ = {isa = PBXBuildFile; fileRef = 8C69C70B2C14C7A600D5E041 /* ImageToButton.swift */; };
		8C69C70E2C14CD9E00D5E041 /* ActionToButton.swift in Sources */ = {isa = PBXBuildFile; fileRef = 8C69C70D2C14CD9E00D5E041 /* ActionToButton.swift */; };
		8C69C7102C14D06700D5E041 /* ToggleButton.swift in Sources */ = {isa = PBXBuildFile; fileRef = 8C69C70F2C14D06700D5E041 /* ToggleButton.swift */; };
		8C69C7122C160C5400D5E041 /* GroupOfButtons.swift in Sources */ = {isa = PBXBuildFile; fileRef = 8C69C7112C160C5400D5E041 /* GroupOfButtons.swift */; };
		8C69C7142C160D4F00D5E041 /* DisableButton.swift in Sources */ = {isa = PBXBuildFile; fileRef = 8C69C7132C160D4F00D5E041 /* DisableButton.swift */; };
		8C69C7162C1611DA00D5E041 /* IconToButton.swift in Sources */ = {isa = PBXBuildFile; fileRef = 8C69C7152C1611DA00D5E041 /* IconToButton.swift */; };
		8C69C7182C1612FA00D5E041 /* FullScreenButton.swift in Sources */ = {isa = PBXBuildFile; fileRef = 8C69C7172C1612FA00D5E041 /* FullScreenButton.swift */; };
		8C69C71A2C16146400D5E041 /* AdvancedButtonStyling.swift in Sources */ = {isa = PBXBuildFile; fileRef = 8C69C7192C16146400D5E041 /* AdvancedButtonStyling.swift */; };
		8C69C71E2C167B1900D5E041 /* CreateList.swift in Sources */ = {isa = PBXBuildFile; fileRef = 8C69C71D2C167B1900D5E041 /* CreateList.swift */; };
		8C69C7202C16859B00D5E041 /* CustomizeListRows.swift in Sources */ = {isa = PBXBuildFile; fileRef = 8C69C71F2C16859B00D5E041 /* CustomizeListRows.swift */; };
		8C69C7222C16A48000D5E041 /* NvigationToList.swift in Sources */ = {isa = PBXBuildFile; fileRef = 8C69C7212C16A48000D5E041 /* NvigationToList.swift */; };
		8C85E8C42BFA6E8A005B6201 /* SwiftUIState.swift in Sources */ = {isa = PBXBuildFile; fileRef = 8C85E8C32BFA6E8A005B6201 /* SwiftUIState.swift */; };
		8C85E8C62BFA73B2005B6201 /* SwiftUIBinding.swift in Sources */ = {isa = PBXBuildFile; fileRef = 8C85E8C52BFA73B2005B6201 /* SwiftUIBinding.swift */; };
		8C85E8CE2BFBAFC6005B6201 /* ObservableObject & ObservedObject.swift in Sources */ = {isa = PBXBuildFile; fileRef = 8C85E8CD2BFBAFC6005B6201 /* ObservableObject & ObservedObject.swift */; };
		8C85E8D02BFBB520005B6201 /* Environment Objects.swift in Sources */ = {isa = PBXBuildFile; fileRef = 8C85E8CF2BFBB520005B6201 /* Environment Objects.swift */; };
		8C85E8D22BFD0496005B6201 /* StateObject.swift in Sources */ = {isa = PBXBuildFile; fileRef = 8C85E8D12BFD0496005B6201 /* StateObject.swift */; };
		8C8C632E2C3B13A700135D6C /* DynamicTypeRorAccessibility.swift in Sources */ = {isa = PBXBuildFile; fileRef = 8C8C632D2C3B13A700135D6C /* DynamicTypeRorAccessibility.swift */; };
		8C8C63302C3B154B00135D6C /* VoiceOver.swift in Sources */ = {isa = PBXBuildFile; fileRef = 8C8C632F2C3B154B00135D6C /* VoiceOver.swift */; };
		8C8C63322C3B1AF600135D6C /* VoiceOver2.swift in Sources */ = {isa = PBXBuildFile; fileRef = 8C8C63312C3B1AF600135D6C /* VoiceOver2.swift */; };
		8C8C63342C3C664B00135D6C /* ImagesAccessibleWithDescriptions.swift in Sources */ = {isa = PBXBuildFile; fileRef = 8C8C63332C3C664B00135D6C /* ImagesAccessibleWithDescriptions.swift */; };
		8C8C63362C3C6AD200135D6C /* ViewValuesForAccessibility.swift in Sources */ = {isa = PBXBuildFile; fileRef = 8C8C63352C3C6AD200135D6C /* ViewValuesForAccessibility.swift */; };
		8C99998D2C30A4A0002A0720 /* FullScreenModalView.swift in Sources */ = {isa = PBXBuildFile; fileRef = 8C99998C2C30A4A0002A0720 /* FullScreenModalView.swift */; };
		8C99998F2C30A6DF002A0720 /* CreatePopover.swift in Sources */ = {isa = PBXBuildFile; fileRef = 8C99998E2C30A6DF002A0720 /* CreatePopover.swift */; };
		8CA39B912C2FC68A002221B6 /* DismissKeyboardOnScroll.swift in Sources */ = {isa = PBXBuildFile; fileRef = 8CA39B902C2FC68A002221B6 /* DismissKeyboardOnScroll.swift */; };
		8CA749C32BF9583200753A6A /* CustomViewModifier.swift in Sources */ = {isa = PBXBuildFile; fileRef = 8CA749C22BF9583200753A6A /* CustomViewModifier.swift */; };
		8CA749C52BF962FC00753A6A /* CustomShape.swift in Sources */ = {isa = PBXBuildFile; fileRef = 8CA749C42BF962FC00753A6A /* CustomShape.swift */; };
		8CAD5CF42C24AAD500BFCC4D /* RepeatingAnimation.swift in Sources */ = {isa = PBXBuildFile; fileRef = 8CAD5CF32C24AAD500BFCC4D /* RepeatingAnimation.swift */; };
		8CAD5CF62C24AC8A00BFCC4D /* ChainMultipleAnimations .swift in Sources */ = {isa = PBXBuildFile; fileRef = 8CAD5CF52C24AC8900BFCC4D /* ChainMultipleAnimations .swift */; };
		8CB4F4922BF1191200BA2A90 /* KodecoSwiftUICookbookApp.swift in Sources */ = {isa = PBXBuildFile; fileRef = 8CB4F4912BF1191200BA2A90 /* KodecoSwiftUICookbookApp.swift */; };
		8CB4F4942BF1191200BA2A90 /* ContentView.swift in Sources */ = {isa = PBXBuildFile; fileRef = 8CB4F4932BF1191200BA2A90 /* ContentView.swift */; };
		8CB4F4962BF1191400BA2A90 /* Assets.xcassets in Resources */ = {isa = PBXBuildFile; fileRef = 8CB4F4952BF1191400BA2A90 /* Assets.xcassets */; };
		8CB4F4992BF1191400BA2A90 /* Preview Assets.xcassets in Resources */ = {isa = PBXBuildFile; fileRef = 8CB4F4982BF1191400BA2A90 /* Preview Assets.xcassets */; };
		8CC697BB2C34CD6800F534FE /* AudioVideoInBackground.swift in Sources */ = {isa = PBXBuildFile; fileRef = 8CC697BA2C34CD6800F534FE /* AudioVideoInBackground.swift */; };
		8CC751182C1E29B5002E73E6 /* CustomProgressView.swift in Sources */ = {isa = PBXBuildFile; fileRef = 8CC751172C1E29B5002E73E6 /* CustomProgressView.swift */; };
		8CC7511C2C1E30D3002E73E6 /* FramesAndAlignment.swift in Sources */ = {isa = PBXBuildFile; fileRef = 8CC7511B2C1E30D3002E73E6 /* FramesAndAlignment.swift */; };
		8CC7511E2C1E33DF002E73E6 /* ViewThatFitsView.swift in Sources */ = {isa = PBXBuildFile; fileRef = 8CC7511D2C1E33DF002E73E6 /* ViewThatFitsView.swift */; };
		8CCE8E102C3345C60013F14F /* CreateAudioPlayer.swift in Sources */ = {isa = PBXBuildFile; fileRef = 8CCE8E0F2C3345C60013F14F /* CreateAudioPlayer.swift */; };
		8CCE8E1C2C334C0A0013F14F /* flyerattack.wav in Resources */ = {isa = PBXBuildFile; fileRef = 8CCE8E132C334C0A0013F14F /* flyerattack.wav */; };
		8CCE8E1D2C334C0A0013F14F /* PocketCyclopsLvl1.mp3 in Resources */ = {isa = PBXBuildFile; fileRef = 8CCE8E142C334C0A0013F14F /* PocketCyclopsLvl1.mp3 */; };
		8CCE8E1E2C334C0A0013F14F /* bounce.wav in Resources */ = {isa = PBXBuildFile; fileRef = 8CCE8E152C334C0A0013F14F /* bounce.wav */; };
		8CCE8E1F2C334C0A0013F14F /* button.wav in Resources */ = {isa = PBXBuildFile; fileRef = 8CCE8E162C334C0A0013F14F /* button.wav */; };
		8CCE8E202C334C0A0013F14F /* BookTrailer.m4v in Resources */ = {isa = PBXBuildFile; fileRef = 8CCE8E172C334C0A0013F14F /* BookTrailer.m4v */; };
		8CCE8E212C334C0A0013F14F /* crawler_die.wav in Resources */ = {isa = PBXBuildFile; fileRef = 8CCE8E182C334C0A0013F14F /* crawler_die.wav */; };
		8CCE8E222C334C0A0013F14F /* flyerdie.wav in Resources */ = {isa = PBXBuildFile; fileRef = 8CCE8E192C334C0A0013F14F /* flyerdie.wav */; };
		8CCE8E232C334C0A0013F14F /* flyercloseeye.wav in Resources */ = {isa = PBXBuildFile; fileRef = 8CCE8E1A2C334C0A0013F14F /* flyercloseeye.wav */; };
		8CCE8E242C334C0A0013F14F /* crawler_jump.wav in Resources */ = {isa = PBXBuildFile; fileRef = 8CCE8E1B2C334C0A0013F14F /* crawler_jump.wav */; };
		8CDBE2C72C2C64B6007F3DB8 /* CreateATextField.swift in Sources */ = {isa = PBXBuildFile; fileRef = 8CDBE2C62C2C64B6007F3DB8 /* CreateATextField.swift */; };
		8CDBE2C92C2C667B007F3DB8 /* CreateTextEditor.swift in Sources */ = {isa = PBXBuildFile; fileRef = 8CDBE2C82C2C667B007F3DB8 /* CreateTextEditor.swift */; };
		8CDBE2CB2C2C679A007F3DB8 /* ScrollableTextField.swift in Sources */ = {isa = PBXBuildFile; fileRef = 8CDBE2CA2C2C679A007F3DB8 /* ScrollableTextField.swift */; };
		8CDBE2CD2C2C6AB7007F3DB8 /* TextFieldWithOptional.swift in Sources */ = {isa = PBXBuildFile; fileRef = 8CDBE2CC2C2C6AB7007F3DB8 /* TextFieldWithOptional.swift */; };
		8CDBE2CF2C2DB5F9007F3DB8 /* FormatTextInTextField.swift in Sources */ = {isa = PBXBuildFile; fileRef = 8CDBE2CE2C2DB5F9007F3DB8 /* FormatTextInTextField.swift */; };
		8CDBE2D32C2DC117007F3DB8 /* StyleTextField.swift in Sources */ = {isa = PBXBuildFile; fileRef = 8CDBE2D22C2DC117007F3DB8 /* StyleTextField.swift */; };
		8CDBE2D52C2F0BED007F3DB8 /* SecureFieldTextInput.swift in Sources */ = {isa = PBXBuildFile; fileRef = 8CDBE2D42C2F0BED007F3DB8 /* SecureFieldTextInput.swift */; };
		8CDBE2D72C2F0DCA007F3DB8 /* StyleTextEditor.swift in Sources */ = {isa = PBXBuildFile; fileRef = 8CDBE2D62C2F0DCA007F3DB8 /* StyleTextEditor.swift */; };
		8CDBE2D92C2F1050007F3DB8 /* FindAndReplaceToTextEditor.swift in Sources */ = {isa = PBXBuildFile; fileRef = 8CDBE2D82C2F1050007F3DB8 /* FindAndReplaceToTextEditor.swift */; };
		8CDC11FA2C20B7E80052A33F /* HStackAndSpacer.swift in Sources */ = {isa = PBXBuildFile; fileRef = 8CDC11F92C20B7E80052A33F /* HStackAndSpacer.swift */; };
		8CDC11FC2C20B8E40052A33F /* GeometryReaderView.swift in Sources */ = {isa = PBXBuildFile; fileRef = 8CDC11FB2C20B8E40052A33F /* GeometryReaderView.swift */; };
		8CDC11FE2C20BA8E0052A33F /* PaddingSpacing.swift in Sources */ = {isa = PBXBuildFile; fileRef = 8CDC11FD2C20BA8E0052A33F /* PaddingSpacing.swift */; };
		8CDC12002C20C20C0052A33F /* AlignmentGuides.swift in Sources */ = {isa = PBXBuildFile; fileRef = 8CDC11FF2C20C20C0052A33F /* AlignmentGuides.swift */; };
		8CDC12022C20C49B0052A33F /* SafeAreasView.swift in Sources */ = {isa = PBXBuildFile; fileRef = 8CDC12012C20C49B0052A33F /* SafeAreasView.swift */; };
		8CE003BB2C2722A8001FF8F3 /* DetectingTaps.swift in Sources */ = {isa = PBXBuildFile; fileRef = 8CE003BA2C2722A8001FF8F3 /* DetectingTaps.swift */; };
		8CE003BD2C272492001FF8F3 /* LongPressGestures.swift in Sources */ = {isa = PBXBuildFile; fileRef = 8CE003BC2C272492001FF8F3 /* LongPressGestures.swift */; };
		8CE003BF2C27264E001FF8F3 /* DraggingGestures.swift in Sources */ = {isa = PBXBuildFile; fileRef = 8CE003BE2C27264E001FF8F3 /* DraggingGestures.swift */; };
		8CE526222C1B3FF900496A97 /* CustomizeSplitView.swift in Sources */ = {isa = PBXBuildFile; fileRef = 8CE526212C1B3FF900496A97 /* CustomizeSplitView.swift */; };
		8CE526242C1B47AD00496A97 /* DetailViewToSplitView.swift in Sources */ = {isa = PBXBuildFile; fileRef = 8CE526232C1B47AD00496A97 /* DetailViewToSplitView.swift */; };
		8CEA48CC2C305AD000E5F251 /* CreateModalView.swift in Sources */ = {isa = PBXBuildFile; fileRef = 8CEA48CB2C305AD000E5F251 /* CreateModalView.swift */; };
		8CEA48CE2C305C4500E5F251 /* DismissModalView.swift in Sources */ = {isa = PBXBuildFile; fileRef = 8CEA48CD2C305C4500E5F251 /* DismissModalView.swift */; };
		8CEA48D02C30636800E5F251 /* PassDataToModalView.swift in Sources */ = {isa = PBXBuildFile; fileRef = 8CEA48CF2C30636800E5F251 /* PassDataToModalView.swift */; };
		8CEB62562C24A7B4004146AD /* DelayedAnimation.swift in Sources */ = {isa = PBXBuildFile; fileRef = 8CEB62552C24A7B4004146AD /* DelayedAnimation.swift */; };
		8CF80A3B2C29C183008F3683 /* GesturePriority.swift in Sources */ = {isa = PBXBuildFile; fileRef = 8CF80A3A2C29C183008F3683 /* GesturePriority.swift */; };
		8CF80A3D2C29C6F6008F3683 /* SequencingGestures.swift in Sources */ = {isa = PBXBuildFile; fileRef = 8CF80A3C2C29C6F6008F3683 /* SequencingGestures.swift */; };
		8CFECD2A2C175CA100632C90 /* NavigationTitle.swift in Sources */ = {isa = PBXBuildFile; fileRef = 8CFECD292C175CA100632C90 /* NavigationTitle.swift */; };
		8CFECD2C2C17C2DA00632C90 /* ButtonToNavigationBar.swift in Sources */ = {isa = PBXBuildFile; fileRef = 8CFECD2B2C17C2DA00632C90 /* ButtonToNavigationBar.swift */; };
		8CFECD2E2C17C7B600632C90 /* SectionHeaders.swift in Sources */ = {isa = PBXBuildFile; fileRef = 8CFECD2D2C17C7B600632C90 /* SectionHeaders.swift */; };
		8CFECD302C17CB9700632C90 /* SearchBarInList.swift in Sources */ = {isa = PBXBuildFile; fileRef = 8CFECD2F2C17CB9600632C90 /* SearchBarInList.swift */; };
		8CFECD322C18BA6F00632C90 /* SwipeActionsToList.swift in Sources */ = {isa = PBXBuildFile; fileRef = 8CFECD312C18BA6F00632C90 /* SwipeActionsToList.swift */; };
		8CFECD342C18C0DF00632C90 /* TabViewWithList.swift in Sources */ = {isa = PBXBuildFile; fileRef = 8CFECD332C18C0DF00632C90 /* TabViewWithList.swift */; };
		8CFECD362C18C36B00632C90 /* ScrollingList.swift in Sources */ = {isa = PBXBuildFile; fileRef = 8CFECD352C18C36B00632C90 /* ScrollingList.swift */; };
/* End PBXBuildFile section */

/* Begin PBXFileReference section */
		8C08BA9E2C10C54500677F91 /* ShadowToImage.swift */ = {isa = PBXFileReference; lastKnownFileType = sourcecode.swift; path = ShadowToImage.swift; sourceTree = "<group>"; };
		8C08BAA02C10C99A00677F91 /* FilterToImage.swift */ = {isa = PBXFileReference; lastKnownFileType = sourcecode.swift; path = FilterToImage.swift; sourceTree = "<group>"; };
		8C0B550F2C31AE7900BFAFE9 /* ConfigureModalViewHeight.swift */ = {isa = PBXFileReference; lastKnownFileType = sourcecode.swift; path = ConfigureModalViewHeight.swift; sourceTree = "<group>"; };
		8C0B55112C31B17E00BFAFE9 /* ListToModal.swift */ = {isa = PBXFileReference; lastKnownFileType = sourcecode.swift; path = ListToModal.swift; sourceTree = "<group>"; };
		8C1049352C19470A0065C88C /* FormWithSecitons.swift */ = {isa = PBXFileReference; lastKnownFileType = sourcecode.swift; path = FormWithSecitons.swift; sourceTree = "<group>"; };
		8C1049372C194CC20065C88C /* CreateCheckBox.swift */ = {isa = PBXFileReference; lastKnownFileType = sourcecode.swift; path = CreateCheckBox.swift; sourceTree = "<group>"; };
		8C1049392C19563D0065C88C /* AddStepper.swift */ = {isa = PBXFileReference; lastKnownFileType = sourcecode.swift; path = AddStepper.swift; sourceTree = "<group>"; };
		8C10493B2C1959020065C88C /* CreatePicker.swift */ = {isa = PBXFileReference; lastKnownFileType = sourcecode.swift; path = CreatePicker.swift; sourceTree = "<group>"; };
		8C14B4EA2C35014D0007D76A /* RecordingAudioVideo.swift */ = {isa = PBXFileReference; lastKnownFileType = sourcecode.swift; path = RecordingAudioVideo.swift; sourceTree = "<group>"; };
		8C22862A2C344E8A0011BE64 /* CreateVideoPlayer.swift */ = {isa = PBXFileReference; lastKnownFileType = sourcecode.swift; path = CreateVideoPlayer.swift; sourceTree = "<group>"; };
		8C22862C2C3452E20011BE64 /* CustomizingAudioVideoPlayback.swift */ = {isa = PBXFileReference; lastKnownFileType = sourcecode.swift; path = CustomizingAudioVideoPlayback.swift; sourceTree = "<group>"; };
		8C2AAA672C12239400C7B29C /* BlendTwoImages.swift */ = {isa = PBXFileReference; lastKnownFileType = sourcecode.swift; path = BlendTwoImages.swift; sourceTree = "<group>"; };
		8C2AAA692C1225F000C7B29C /* AnimatedImages.swift */ = {isa = PBXFileReference; lastKnownFileType = sourcecode.swift; path = AnimatedImages.swift; sourceTree = "<group>"; };
		8C2AAA6B2C122C7800C7B29C /* SwiftUIPhotosPicker.swift */ = {isa = PBXFileReference; lastKnownFileType = sourcecode.swift; path = SwiftUIPhotosPicker.swift; sourceTree = "<group>"; };
		8C2AEC222C03A02200A80EF4 /* EnvironmentValuesSample.swift */ = {isa = PBXFileReference; lastKnownFileType = sourcecode.swift; path = EnvironmentValuesSample.swift; sourceTree = "<group>"; };
		8C2AEC242C06381E00A80EF4 /* BestPracticeForStateManagement.swift */ = {isa = PBXFileReference; lastKnownFileType = sourcecode.swift; path = BestPracticeForStateManagement.swift; sourceTree = "<group>"; };
		8C2AEC2A2C0788DD00A80EF4 /* TextView.swift */ = {isa = PBXFileReference; lastKnownFileType = sourcecode.swift; path = TextView.swift; sourceTree = "<group>"; };
		8C2AEC2C2C07898C00A80EF4 /* StylingText.swift */ = {isa = PBXFileReference; lastKnownFileType = sourcecode.swift; path = StylingText.swift; sourceTree = "<group>"; };
		8C2AEC2E2C078A8A00A80EF4 /* MultilineTextView.swift */ = {isa = PBXFileReference; lastKnownFileType = sourcecode.swift; path = MultilineTextView.swift; sourceTree = "<group>"; };
		8C2AEC302C078F8A00A80EF4 /* DynamicTypeTextStyles.swift */ = {isa = PBXFileReference; lastKnownFileType = sourcecode.swift; path = DynamicTypeTextStyles.swift; sourceTree = "<group>"; };
		8C2AEC322C07918800A80EF4 /* FormatText.swift */ = {isa = PBXFileReference; lastKnownFileType = sourcecode.swift; path = FormatText.swift; sourceTree = "<group>"; };
		8C2AEC342C08EA7000A80EF4 /* CustomFonts.swift */ = {isa = PBXFileReference; lastKnownFileType = sourcecode.swift; path = CustomFonts.swift; sourceTree = "<group>"; };
		8C2AEC362C08EC4A00A80EF4 /* RussoOne-Regular.ttf */ = {isa = PBXFileReference; lastKnownFileType = file; path = "RussoOne-Regular.ttf"; sourceTree = "<group>"; };
		8C2AEC382C08ECE400A80EF4 /* Info.plist */ = {isa = PBXFileReference; lastKnownFileType = text.plist; path = Info.plist; sourceTree = "<group>"; };
		8C2AEC392C08F28800A80EF4 /* CreateTextField.swift */ = {isa = PBXFileReference; lastKnownFileType = sourcecode.swift; path = CreateTextField.swift; sourceTree = "<group>"; };
		8C2AEC412C0AE3FB00A80EF4 /* SeureFieldView.swift */ = {isa = PBXFileReference; lastKnownFileType = sourcecode.swift; path = SeureFieldView.swift; sourceTree = "<group>"; };
		8C2AEC432C0AE66100A80EF4 /* TextFieldKeyboardType.swift */ = {isa = PBXFileReference; lastKnownFileType = sourcecode.swift; path = TextFieldKeyboardType.swift; sourceTree = "<group>"; };
		8C2AEC452C0CD0D400A80EF4 /* LoadImage.swift */ = {isa = PBXFileReference; lastKnownFileType = sourcecode.swift; path = LoadImage.swift; sourceTree = "<group>"; };
		8C2AEC472C0CD30000A80EF4 /* AspectRatios.swift */ = {isa = PBXFileReference; lastKnownFileType = sourcecode.swift; path = AspectRatios.swift; sourceTree = "<group>"; };
		8C2AEC492C0CD42300A80EF4 /* CropImage.swift */ = {isa = PBXFileReference; lastKnownFileType = sourcecode.swift; path = CropImage.swift; sourceTree = "<group>"; };
		8C2AEC4D2C0EC3AB00A80EF4 /* SFSymbols.swift */ = {isa = PBXFileReference; lastKnownFileType = sourcecode.swift; path = SFSymbols.swift; sourceTree = "<group>"; };
		8C2AEC4F2C0F843F00A80EF4 /* CustomImageShape.swift */ = {isa = PBXFileReference; lastKnownFileType = sourcecode.swift; path = CustomImageShape.swift; sourceTree = "<group>"; };
		8C2B26B92C31F02E00D5AFCA /* CustomizeCornerRadiusModal.swift */ = {isa = PBXFileReference; lastKnownFileType = sourcecode.swift; path = CustomizeCornerRadiusModal.swift; sourceTree = "<group>"; };
		8C2B26BB2C31F50900D5AFCA /* CustomBackgroundForModal.swift */ = {isa = PBXFileReference; lastKnownFileType = sourcecode.swift; path = CustomBackgroundForModal.swift; sourceTree = "<group>"; };
		8C2B26BD2C31F7EE00D5AFCA /* ControlInteractionwithViewBehindModal.swift */ = {isa = PBXFileReference; lastKnownFileType = sourcecode.swift; path = ControlInteractionwithViewBehindModal.swift; sourceTree = "<group>"; };
		8C2B26BF2C32FA7A00D5AFCA /* CreateAlert.swift */ = {isa = PBXFileReference; lastKnownFileType = sourcecode.swift; path = CreateAlert.swift; sourceTree = "<group>"; };
		8C2B26C12C32FE9B00D5AFCA /* HandleErrorsWithAlert.swift */ = {isa = PBXFileReference; lastKnownFileType = sourcecode.swift; path = HandleErrorsWithAlert.swift; sourceTree = "<group>"; };
		8C2B26C32C3304C600D5AFCA /* PresentConfirmationDialog.swift */ = {isa = PBXFileReference; lastKnownFileType = sourcecode.swift; path = PresentConfirmationDialog.swift; sourceTree = "<group>"; };
		8C3A09102C21D8DA00871DBA /* DeclareAnimation.swift */ = {isa = PBXFileReference; lastKnownFileType = sourcecode.swift; path = DeclareAnimation.swift; sourceTree = "<group>"; };
		8C3A09122C21DBC500871DBA /* AnimateViewsOpacity.swift */ = {isa = PBXFileReference; lastKnownFileType = sourcecode.swift; path = AnimateViewsOpacity.swift; sourceTree = "<group>"; };
		8C3A09142C21DFCC00871DBA /* AnimateViewsPosition.swift */ = {isa = PBXFileReference; lastKnownFileType = sourcecode.swift; path = AnimateViewsPosition.swift; sourceTree = "<group>"; };
		8C3A09162C232CED00871DBA /* AnimateViewsRotation.swift */ = {isa = PBXFileReference; lastKnownFileType = sourcecode.swift; path = AnimateViewsRotation.swift; sourceTree = "<group>"; };
		8C3A09182C232F6300871DBA /* AnimateViewsSize.swift */ = {isa = PBXFileReference; lastKnownFileType = sourcecode.swift; path = AnimateViewsSize.swift; sourceTree = "<group>"; };
		8C3A091A2C23315300871DBA /* SprintAnimation.swift */ = {isa = PBXFileReference; lastKnownFileType = sourcecode.swift; path = SprintAnimation.swift; sourceTree = "<group>"; };
		8C3B780A2C1F3533000643C9 /* LazyVGridLazyHGrid.swift */ = {isa = PBXFileReference; lastKnownFileType = sourcecode.swift; path = LazyVGridLazyHGrid.swift; sourceTree = "<group>"; };
		8C3B780C2C1F3BAF000643C9 /* SwiftUIScrollView.swift */ = {isa = PBXFileReference; lastKnownFileType = sourcecode.swift; path = SwiftUIScrollView.swift; sourceTree = "<group>"; };
		8C3B780E2C1F3EE4000643C9 /* ZStackVStack.swift */ = {isa = PBXFileReference; lastKnownFileType = sourcecode.swift; path = ZStackVStack.swift; sourceTree = "<group>"; };
		8C3D5BC82C1BA51000B06F51 /* PresentModalViewfromTabView.swift */ = {isa = PBXFileReference; lastKnownFileType = sourcecode.swift; path = PresentModalViewfromTabView.swift; sourceTree = "<group>"; };
		8C3D5BCA2C1BA78200B06F51 /* SwitchTabsProgrammatically.swift */ = {isa = PBXFileReference; lastKnownFileType = sourcecode.swift; path = SwitchTabsProgrammatically.swift; sourceTree = "<group>"; };
		8C3D5BCC2C1BA9C500B06F51 /* HideTabView.swift */ = {isa = PBXFileReference; lastKnownFileType = sourcecode.swift; path = HideTabView.swift; sourceTree = "<group>"; };
		8C3D5BCE2C1BACA100B06F51 /* TabViewtoNavigationView.swift */ = {isa = PBXFileReference; lastKnownFileType = sourcecode.swift; path = TabViewtoNavigationView.swift; sourceTree = "<group>"; };
		8C3D5BD02C1C94F600B06F51 /* AnimateProgressBar.swift */ = {isa = PBXFileReference; lastKnownFileType = sourcecode.swift; path = AnimateProgressBar.swift; sourceTree = "<group>"; };
		8C3D5BD22C1C996400B06F51 /* SpinningActivityIndicator.swift */ = {isa = PBXFileReference; lastKnownFileType = sourcecode.swift; path = SpinningActivityIndicator.swift; sourceTree = "<group>"; };
		8C3D5BD42C1C9AD900B06F51 /* CustomizeProgressIndicator.swift */ = {isa = PBXFileReference; lastKnownFileType = sourcecode.swift; path = CustomizeProgressIndicator.swift; sourceTree = "<group>"; };
		8C3D5BD62C1D496C00B06F51 /* CircularProgressBar.swift */ = {isa = PBXFileReference; lastKnownFileType = sourcecode.swift; path = CircularProgressBar.swift; sourceTree = "<group>"; };
		8C3D5BD82C1DE43000B06F51 /* DeterminateProgressBar.swift */ = {isa = PBXFileReference; lastKnownFileType = sourcecode.swift; path = DeterminateProgressBar.swift; sourceTree = "<group>"; };
		8C3D5BDA2C1DE8DC00B06F51 /* IndeterminateProgress.swift */ = {isa = PBXFileReference; lastKnownFileType = sourcecode.swift; path = IndeterminateProgress.swift; sourceTree = "<group>"; };
		8C3D5BDC2C1DEAF900B06F51 /* ProgresViewToNavigationBar.swift */ = {isa = PBXFileReference; lastKnownFileType = sourcecode.swift; path = ProgresViewToNavigationBar.swift; sourceTree = "<group>"; };
		8C3D5BDE2C1DED8600B06F51 /* CustomSegmentedProgressBar.swift */ = {isa = PBXFileReference; lastKnownFileType = sourcecode.swift; path = CustomSegmentedProgressBar.swift; sourceTree = "<group>"; };
		8C3E31952C2BB94F0043422E /* ExclusiveGestures.swift */ = {isa = PBXFileReference; lastKnownFileType = sourcecode.swift; path = ExclusiveGestures.swift; sourceTree = "<group>"; };
		8C3E31972C2BC00F0043422E /* SimultaneousGestures.swift */ = {isa = PBXFileReference; lastKnownFileType = sourcecode.swift; path = SimultaneousGestures.swift; sourceTree = "<group>"; };
		8C3E3AEF2C25EC0100741473 /* AnimateBindingValues.swift */ = {isa = PBXFileReference; lastKnownFileType = sourcecode.swift; path = AnimateBindingValues.swift; sourceTree = "<group>"; };
		8C3E3AF12C25F99C00741473 /* AnimateViewTransitions.swift */ = {isa = PBXFileReference; lastKnownFileType = sourcecode.swift; path = AnimateViewTransitions.swift; sourceTree = "<group>"; };
		8C44919B2BF507930005C1C2 /* RegistrationForm.swift */ = {isa = PBXFileReference; lastKnownFileType = sourcecode.swift; path = RegistrationForm.swift; sourceTree = "<group>"; };
		8C4B01DA2C359DFF0072EEFC /* SoundEffects.swift */ = {isa = PBXFileReference; lastKnownFileType = sourcecode.swift; path = SoundEffects.swift; sourceTree = "<group>"; };
		8C4B01DC2C35A34B0072EEFC /* VideoStreaming.swift */ = {isa = PBXFileReference; lastKnownFileType = sourcecode.swift; path = VideoStreaming.swift; sourceTree = "<group>"; };
		8C4B01DE2C35A6EE0072EEFC /* AnimatedVisualizationsForAudioVideo.swift */ = {isa = PBXFileReference; lastKnownFileType = sourcecode.swift; path = AnimatedVisualizationsForAudioVideo.swift; sourceTree = "<group>"; };
		8C4B01E22C35E42D0072EEFC /* CaptionsSubtitlesToVideos.swift */ = {isa = PBXFileReference; lastKnownFileType = sourcecode.swift; path = CaptionsSubtitlesToVideos.swift; sourceTree = "<group>"; };
		8C4B01E42C35ECEE0072EEFC /* HandlingErrorsExceptionsWhilePlayingAudioVideo.swift */ = {isa = PBXFileReference; lastKnownFileType = sourcecode.swift; path = HandlingErrorsExceptionsWhilePlayingAudioVideo.swift; sourceTree = "<group>"; };
		8C56A6D42BFFA56300D5AC2B /* StateManagementWithCombine.swift */ = {isa = PBXFileReference; lastKnownFileType = sourcecode.swift; path = StateManagementWithCombine.swift; sourceTree = "<group>"; };
		8C56A6D62BFFACF300D5AC2B /* AppStorage_SceneStorage.swift */ = {isa = PBXFileReference; lastKnownFileType = sourcecode.swift; path = AppStorage_SceneStorage.swift; sourceTree = "<group>"; };
		8C573D9F2BF65F3A00501565 /* MoreSwiftUI.swift */ = {isa = PBXFileReference; lastKnownFileType = sourcecode.swift; path = MoreSwiftUI.swift; sourceTree = "<group>"; };
		8C573DA32BF7C18400501565 /* Grid.swift */ = {isa = PBXFileReference; lastKnownFileType = sourcecode.swift; path = Grid.swift; sourceTree = "<group>"; };
		8C5E22092C288F3A00CCE092 /* SwipeToDelete.swift */ = {isa = PBXFileReference; lastKnownFileType = sourcecode.swift; path = SwipeToDelete.swift; sourceTree = "<group>"; };
		8C5E220B2C2891C800CCE092 /* RotatingViewsWithGestures.swift */ = {isa = PBXFileReference; lastKnownFileType = sourcecode.swift; path = RotatingViewsWithGestures.swift; sourceTree = "<group>"; };
		8C5E220D2C28962700CCE092 /* PinchToZoom.swift */ = {isa = PBXFileReference; lastKnownFileType = sourcecode.swift; path = PinchToZoom.swift; sourceTree = "<group>"; };
		8C64026B2C19FA4A00171F9D /* CreateDatePicker.swift */ = {isa = PBXFileReference; lastKnownFileType = sourcecode.swift; path = CreateDatePicker.swift; sourceTree = "<group>"; };
		8C64026D2C19FEDE00171F9D /* CreateSlider.swift */ = {isa = PBXFileReference; lastKnownFileType = sourcecode.swift; path = CreateSlider.swift; sourceTree = "<group>"; };
		8C64026F2C19FFDE00171F9D /* SegmentedControl.swift */ = {isa = PBXFileReference; lastKnownFileType = sourcecode.swift; path = SegmentedControl.swift; sourceTree = "<group>"; };
		8C6402712C1A01F300171F9D /* AddProgressView.swift */ = {isa = PBXFileReference; lastKnownFileType = sourcecode.swift; path = AddProgressView.swift; sourceTree = "<group>"; };
		8C6402732C1A035A00171F9D /* CreateColorPicker.swift */ = {isa = PBXFileReference; lastKnownFileType = sourcecode.swift; path = CreateColorPicker.swift; sourceTree = "<group>"; };
		8C6402772C1A431400171F9D /* CreateTabView.swift */ = {isa = PBXFileReference; lastKnownFileType = sourcecode.swift; path = CreateTabView.swift; sourceTree = "<group>"; };
		8C6402792C1A44A400171F9D /* CustomizeTabView.swift */ = {isa = PBXFileReference; lastKnownFileType = sourcecode.swift; path = CustomizeTabView.swift; sourceTree = "<group>"; };
		8C64027B2C1A48E700171F9D /* CustomIconsToTabViewItems.swift */ = {isa = PBXFileReference; lastKnownFileType = sourcecode.swift; path = CustomIconsToTabViewItems.swift; sourceTree = "<group>"; };
		8C64027D2C1A4AB900171F9D /* CreateSplitView.swift */ = {isa = PBXFileReference; lastKnownFileType = sourcecode.swift; path = CreateSplitView.swift; sourceTree = "<group>"; };
		8C69C7032C13742700D5E041 /* ConsistentSwiftUIDesign.swift */ = {isa = PBXFileReference; lastKnownFileType = sourcecode.swift; path = ConsistentSwiftUIDesign.swift; sourceTree = "<group>"; };
		8C69C7052C137CD400D5E041 /* CreateButton.swift */ = {isa = PBXFileReference; lastKnownFileType = sourcecode.swift; path = CreateButton.swift; sourceTree = "<group>"; };
		8C69C7072C137EB000D5E041 /* CustomizeButton.swift */ = {isa = PBXFileReference; lastKnownFileType = sourcecode.swift; path = CustomizeButton.swift; sourceTree = "<group>"; };
		8C69C70B2C14C7A600D5E041 /* ImageToButton.swift */ = {isa = PBXFileReference; lastKnownFileType = sourcecode.swift; path = ImageToButton.swift; sourceTree = "<group>"; };
		8C69C70D2C14CD9E00D5E041 /* ActionToButton.swift */ = {isa = PBXFileReference; lastKnownFileType = sourcecode.swift; path = ActionToButton.swift; sourceTree = "<group>"; };
		8C69C70F2C14D06700D5E041 /* ToggleButton.swift */ = {isa = PBXFileReference; lastKnownFileType = sourcecode.swift; path = ToggleButton.swift; sourceTree = "<group>"; };
		8C69C7112C160C5400D5E041 /* GroupOfButtons.swift */ = {isa = PBXFileReference; lastKnownFileType = sourcecode.swift; path = GroupOfButtons.swift; sourceTree = "<group>"; };
		8C69C7132C160D4F00D5E041 /* DisableButton.swift */ = {isa = PBXFileReference; lastKnownFileType = sourcecode.swift; path = DisableButton.swift; sourceTree = "<group>"; };
		8C69C7152C1611DA00D5E041 /* IconToButton.swift */ = {isa = PBXFileReference; lastKnownFileType = sourcecode.swift; path = IconToButton.swift; sourceTree = "<group>"; };
		8C69C7172C1612FA00D5E041 /* FullScreenButton.swift */ = {isa = PBXFileReference; lastKnownFileType = sourcecode.swift; path = FullScreenButton.swift; sourceTree = "<group>"; };
		8C69C7192C16146400D5E041 /* AdvancedButtonStyling.swift */ = {isa = PBXFileReference; lastKnownFileType = sourcecode.swift; path = AdvancedButtonStyling.swift; sourceTree = "<group>"; };
		8C69C71D2C167B1900D5E041 /* CreateList.swift */ = {isa = PBXFileReference; lastKnownFileType = sourcecode.swift; path = CreateList.swift; sourceTree = "<group>"; };
		8C69C71F2C16859B00D5E041 /* CustomizeListRows.swift */ = {isa = PBXFileReference; lastKnownFileType = sourcecode.swift; path = CustomizeListRows.swift; sourceTree = "<group>"; };
		8C69C7212C16A48000D5E041 /* NvigationToList.swift */ = {isa = PBXFileReference; lastKnownFileType = sourcecode.swift; path = NvigationToList.swift; sourceTree = "<group>"; };
		8C85E8C32BFA6E8A005B6201 /* SwiftUIState.swift */ = {isa = PBXFileReference; lastKnownFileType = sourcecode.swift; path = SwiftUIState.swift; sourceTree = "<group>"; };
		8C85E8C52BFA73B2005B6201 /* SwiftUIBinding.swift */ = {isa = PBXFileReference; lastKnownFileType = sourcecode.swift; path = SwiftUIBinding.swift; sourceTree = "<group>"; };
		8C85E8CD2BFBAFC6005B6201 /* ObservableObject & ObservedObject.swift */ = {isa = PBXFileReference; lastKnownFileType = sourcecode.swift; path = "ObservableObject & ObservedObject.swift"; sourceTree = "<group>"; };
		8C85E8CF2BFBB520005B6201 /* Environment Objects.swift */ = {isa = PBXFileReference; lastKnownFileType = sourcecode.swift; path = "Environment Objects.swift"; sourceTree = "<group>"; };
		8C85E8D12BFD0496005B6201 /* StateObject.swift */ = {isa = PBXFileReference; lastKnownFileType = sourcecode.swift; path = StateObject.swift; sourceTree = "<group>"; };
		8C8C632D2C3B13A700135D6C /* DynamicTypeRorAccessibility.swift */ = {isa = PBXFileReference; lastKnownFileType = sourcecode.swift; path = DynamicTypeRorAccessibility.swift; sourceTree = "<group>"; };
		8C8C632F2C3B154B00135D6C /* VoiceOver.swift */ = {isa = PBXFileReference; lastKnownFileType = sourcecode.swift; path = VoiceOver.swift; sourceTree = "<group>"; };
		8C8C63312C3B1AF600135D6C /* VoiceOver2.swift */ = {isa = PBXFileReference; lastKnownFileType = sourcecode.swift; path = VoiceOver2.swift; sourceTree = "<group>"; };
		8C8C63332C3C664B00135D6C /* ImagesAccessibleWithDescriptions.swift */ = {isa = PBXFileReference; lastKnownFileType = sourcecode.swift; path = ImagesAccessibleWithDescriptions.swift; sourceTree = "<group>"; };
		8C8C63352C3C6AD200135D6C /* ViewValuesForAccessibility.swift */ = {isa = PBXFileReference; lastKnownFileType = sourcecode.swift; path = ViewValuesForAccessibility.swift; sourceTree = "<group>"; };
		8C99998C2C30A4A0002A0720 /* FullScreenModalView.swift */ = {isa = PBXFileReference; lastKnownFileType = sourcecode.swift; path = FullScreenModalView.swift; sourceTree = "<group>"; };
		8C99998E2C30A6DF002A0720 /* CreatePopover.swift */ = {isa = PBXFileReference; lastKnownFileType = sourcecode.swift; path = CreatePopover.swift; sourceTree = "<group>"; };
		8CA39B902C2FC68A002221B6 /* DismissKeyboardOnScroll.swift */ = {isa = PBXFileReference; lastKnownFileType = sourcecode.swift; path = DismissKeyboardOnScroll.swift; sourceTree = "<group>"; };
		8CA749C22BF9583200753A6A /* CustomViewModifier.swift */ = {isa = PBXFileReference; lastKnownFileType = sourcecode.swift; path = CustomViewModifier.swift; sourceTree = "<group>"; };
		8CA749C42BF962FC00753A6A /* CustomShape.swift */ = {isa = PBXFileReference; lastKnownFileType = sourcecode.swift; path = CustomShape.swift; sourceTree = "<group>"; };
		8CAD5CF32C24AAD500BFCC4D /* RepeatingAnimation.swift */ = {isa = PBXFileReference; lastKnownFileType = sourcecode.swift; path = RepeatingAnimation.swift; sourceTree = "<group>"; };
		8CAD5CF52C24AC8900BFCC4D /* ChainMultipleAnimations .swift */ = {isa = PBXFileReference; lastKnownFileType = sourcecode.swift; path = "ChainMultipleAnimations .swift"; sourceTree = "<group>"; };
		8CB4F48E2BF1191200BA2A90 /* KodecoSwiftUICookbook.app */ = {isa = PBXFileReference; explicitFileType = wrapper.application; includeInIndex = 0; path = KodecoSwiftUICookbook.app; sourceTree = BUILT_PRODUCTS_DIR; };
		8CB4F4912BF1191200BA2A90 /* KodecoSwiftUICookbookApp.swift */ = {isa = PBXFileReference; lastKnownFileType = sourcecode.swift; path = KodecoSwiftUICookbookApp.swift; sourceTree = "<group>"; };
		8CB4F4932BF1191200BA2A90 /* ContentView.swift */ = {isa = PBXFileReference; lastKnownFileType = sourcecode.swift; path = ContentView.swift; sourceTree = "<group>"; };
		8CB4F4952BF1191400BA2A90 /* Assets.xcassets */ = {isa = PBXFileReference; lastKnownFileType = folder.assetcatalog; path = Assets.xcassets; sourceTree = "<group>"; };
		8CB4F4982BF1191400BA2A90 /* Preview Assets.xcassets */ = {isa = PBXFileReference; lastKnownFileType = folder.assetcatalog; path = "Preview Assets.xcassets"; sourceTree = "<group>"; };
		8CC697BA2C34CD6800F534FE /* AudioVideoInBackground.swift */ = {isa = PBXFileReference; lastKnownFileType = sourcecode.swift; path = AudioVideoInBackground.swift; sourceTree = "<group>"; };
		8CC751172C1E29B5002E73E6 /* CustomProgressView.swift */ = {isa = PBXFileReference; lastKnownFileType = sourcecode.swift; path = CustomProgressView.swift; sourceTree = "<group>"; };
		8CC7511B2C1E30D3002E73E6 /* FramesAndAlignment.swift */ = {isa = PBXFileReference; lastKnownFileType = sourcecode.swift; path = FramesAndAlignment.swift; sourceTree = "<group>"; };
		8CC7511D2C1E33DF002E73E6 /* ViewThatFitsView.swift */ = {isa = PBXFileReference; lastKnownFileType = sourcecode.swift; path = ViewThatFitsView.swift; sourceTree = "<group>"; };
		8CCE8E0F2C3345C60013F14F /* CreateAudioPlayer.swift */ = {isa = PBXFileReference; lastKnownFileType = sourcecode.swift; path = CreateAudioPlayer.swift; sourceTree = "<group>"; };
		8CCE8E132C334C0A0013F14F /* flyerattack.wav */ = {isa = PBXFileReference; lastKnownFileType = audio.wav; name = flyerattack.wav; path = "../../../../../Downloads/Adding Audio & Video in SwiftUI assets/flyerattack.wav"; sourceTree = "<group>"; };
		8CCE8E142C334C0A0013F14F /* PocketCyclopsLvl1.mp3 */ = {isa = PBXFileReference; lastKnownFileType = audio.mp3; name = PocketCyclopsLvl1.mp3; path = "../../../../../Downloads/Adding Audio & Video in SwiftUI assets/PocketCyclopsLvl1.mp3"; sourceTree = "<group>"; };
		8CCE8E152C334C0A0013F14F /* bounce.wav */ = {isa = PBXFileReference; lastKnownFileType = audio.wav; name = bounce.wav; path = "../../../../../Downloads/Adding Audio & Video in SwiftUI assets/bounce.wav"; sourceTree = "<group>"; };
		8CCE8E162C334C0A0013F14F /* button.wav */ = {isa = PBXFileReference; lastKnownFileType = audio.wav; name = button.wav; path = "../../../../../Downloads/Adding Audio & Video in SwiftUI assets/button.wav"; sourceTree = "<group>"; };
		8CCE8E172C334C0A0013F14F /* BookTrailer.m4v */ = {isa = PBXFileReference; lastKnownFileType = file; name = BookTrailer.m4v; path = "../../../../../Downloads/Adding Audio & Video in SwiftUI assets/BookTrailer.m4v"; sourceTree = "<group>"; };
		8CCE8E182C334C0A0013F14F /* crawler_die.wav */ = {isa = PBXFileReference; lastKnownFileType = audio.wav; name = crawler_die.wav; path = "../../../../../Downloads/Adding Audio & Video in SwiftUI assets/crawler_die.wav"; sourceTree = "<group>"; };
		8CCE8E192C334C0A0013F14F /* flyerdie.wav */ = {isa = PBXFileReference; lastKnownFileType = audio.wav; name = flyerdie.wav; path = "../../../../../Downloads/Adding Audio & Video in SwiftUI assets/flyerdie.wav"; sourceTree = "<group>"; };
		8CCE8E1A2C334C0A0013F14F /* flyercloseeye.wav */ = {isa = PBXFileReference; lastKnownFileType = audio.wav; name = flyercloseeye.wav; path = "../../../../../Downloads/Adding Audio & Video in SwiftUI assets/flyercloseeye.wav"; sourceTree = "<group>"; };
		8CCE8E1B2C334C0A0013F14F /* crawler_jump.wav */ = {isa = PBXFileReference; lastKnownFileType = audio.wav; name = crawler_jump.wav; path = "../../../../../Downloads/Adding Audio & Video in SwiftUI assets/crawler_jump.wav"; sourceTree = "<group>"; };
		8CDBE2C62C2C64B6007F3DB8 /* CreateATextField.swift */ = {isa = PBXFileReference; lastKnownFileType = sourcecode.swift; path = CreateATextField.swift; sourceTree = "<group>"; };
		8CDBE2C82C2C667B007F3DB8 /* CreateTextEditor.swift */ = {isa = PBXFileReference; lastKnownFileType = sourcecode.swift; path = CreateTextEditor.swift; sourceTree = "<group>"; };
		8CDBE2CA2C2C679A007F3DB8 /* ScrollableTextField.swift */ = {isa = PBXFileReference; lastKnownFileType = sourcecode.swift; path = ScrollableTextField.swift; sourceTree = "<group>"; };
		8CDBE2CC2C2C6AB7007F3DB8 /* TextFieldWithOptional.swift */ = {isa = PBXFileReference; lastKnownFileType = sourcecode.swift; path = TextFieldWithOptional.swift; sourceTree = "<group>"; };
		8CDBE2CE2C2DB5F9007F3DB8 /* FormatTextInTextField.swift */ = {isa = PBXFileReference; lastKnownFileType = sourcecode.swift; path = FormatTextInTextField.swift; sourceTree = "<group>"; };
		8CDBE2D22C2DC117007F3DB8 /* StyleTextField.swift */ = {isa = PBXFileReference; lastKnownFileType = sourcecode.swift; path = StyleTextField.swift; sourceTree = "<group>"; };
		8CDBE2D42C2F0BED007F3DB8 /* SecureFieldTextInput.swift */ = {isa = PBXFileReference; lastKnownFileType = sourcecode.swift; path = SecureFieldTextInput.swift; sourceTree = "<group>"; };
		8CDBE2D62C2F0DCA007F3DB8 /* StyleTextEditor.swift */ = {isa = PBXFileReference; lastKnownFileType = sourcecode.swift; path = StyleTextEditor.swift; sourceTree = "<group>"; };
		8CDBE2D82C2F1050007F3DB8 /* FindAndReplaceToTextEditor.swift */ = {isa = PBXFileReference; lastKnownFileType = sourcecode.swift; path = FindAndReplaceToTextEditor.swift; sourceTree = "<group>"; };
		8CDC11F92C20B7E80052A33F /* HStackAndSpacer.swift */ = {isa = PBXFileReference; lastKnownFileType = sourcecode.swift; path = HStackAndSpacer.swift; sourceTree = "<group>"; };
		8CDC11FB2C20B8E40052A33F /* GeometryReaderView.swift */ = {isa = PBXFileReference; lastKnownFileType = sourcecode.swift; path = GeometryReaderView.swift; sourceTree = "<group>"; };
		8CDC11FD2C20BA8E0052A33F /* PaddingSpacing.swift */ = {isa = PBXFileReference; lastKnownFileType = sourcecode.swift; path = PaddingSpacing.swift; sourceTree = "<group>"; };
		8CDC11FF2C20C20C0052A33F /* AlignmentGuides.swift */ = {isa = PBXFileReference; lastKnownFileType = sourcecode.swift; path = AlignmentGuides.swift; sourceTree = "<group>"; };
		8CDC12012C20C49B0052A33F /* SafeAreasView.swift */ = {isa = PBXFileReference; lastKnownFileType = sourcecode.swift; path = SafeAreasView.swift; sourceTree = "<group>"; };
		8CE003BA2C2722A8001FF8F3 /* DetectingTaps.swift */ = {isa = PBXFileReference; lastKnownFileType = sourcecode.swift; path = DetectingTaps.swift; sourceTree = "<group>"; };
		8CE003BC2C272492001FF8F3 /* LongPressGestures.swift */ = {isa = PBXFileReference; lastKnownFileType = sourcecode.swift; path = LongPressGestures.swift; sourceTree = "<group>"; };
		8CE003BE2C27264E001FF8F3 /* DraggingGestures.swift */ = {isa = PBXFileReference; lastKnownFileType = sourcecode.swift; path = DraggingGestures.swift; sourceTree = "<group>"; };
		8CE526212C1B3FF900496A97 /* CustomizeSplitView.swift */ = {isa = PBXFileReference; lastKnownFileType = sourcecode.swift; path = CustomizeSplitView.swift; sourceTree = "<group>"; };
		8CE526232C1B47AD00496A97 /* DetailViewToSplitView.swift */ = {isa = PBXFileReference; lastKnownFileType = sourcecode.swift; path = DetailViewToSplitView.swift; sourceTree = "<group>"; };
		8CEA48CB2C305AD000E5F251 /* CreateModalView.swift */ = {isa = PBXFileReference; lastKnownFileType = sourcecode.swift; path = CreateModalView.swift; sourceTree = "<group>"; };
		8CEA48CD2C305C4500E5F251 /* DismissModalView.swift */ = {isa = PBXFileReference; lastKnownFileType = sourcecode.swift; path = DismissModalView.swift; sourceTree = "<group>"; };
		8CEA48CF2C30636800E5F251 /* PassDataToModalView.swift */ = {isa = PBXFileReference; lastKnownFileType = sourcecode.swift; path = PassDataToModalView.swift; sourceTree = "<group>"; };
		8CEB62552C24A7B4004146AD /* DelayedAnimation.swift */ = {isa = PBXFileReference; lastKnownFileType = sourcecode.swift; path = DelayedAnimation.swift; sourceTree = "<group>"; };
		8CF80A3A2C29C183008F3683 /* GesturePriority.swift */ = {isa = PBXFileReference; lastKnownFileType = sourcecode.swift; path = GesturePriority.swift; sourceTree = "<group>"; };
		8CF80A3C2C29C6F6008F3683 /* SequencingGestures.swift */ = {isa = PBXFileReference; lastKnownFileType = sourcecode.swift; path = SequencingGestures.swift; sourceTree = "<group>"; };
		8CFECD292C175CA100632C90 /* NavigationTitle.swift */ = {isa = PBXFileReference; lastKnownFileType = sourcecode.swift; path = NavigationTitle.swift; sourceTree = "<group>"; };
		8CFECD2B2C17C2DA00632C90 /* ButtonToNavigationBar.swift */ = {isa = PBXFileReference; lastKnownFileType = sourcecode.swift; path = ButtonToNavigationBar.swift; sourceTree = "<group>"; };
		8CFECD2D2C17C7B600632C90 /* SectionHeaders.swift */ = {isa = PBXFileReference; lastKnownFileType = sourcecode.swift; path = SectionHeaders.swift; sourceTree = "<group>"; };
		8CFECD2F2C17CB9600632C90 /* SearchBarInList.swift */ = {isa = PBXFileReference; lastKnownFileType = sourcecode.swift; path = SearchBarInList.swift; sourceTree = "<group>"; };
		8CFECD312C18BA6F00632C90 /* SwipeActionsToList.swift */ = {isa = PBXFileReference; lastKnownFileType = sourcecode.swift; path = SwipeActionsToList.swift; sourceTree = "<group>"; };
		8CFECD332C18C0DF00632C90 /* TabViewWithList.swift */ = {isa = PBXFileReference; lastKnownFileType = sourcecode.swift; path = TabViewWithList.swift; sourceTree = "<group>"; };
		8CFECD352C18C36B00632C90 /* ScrollingList.swift */ = {isa = PBXFileReference; lastKnownFileType = sourcecode.swift; path = ScrollingList.swift; sourceTree = "<group>"; };
/* End PBXFileReference section */

/* Begin PBXFrameworksBuildPhase section */
		8CB4F48B2BF1191200BA2A90 /* Frameworks */ = {
			isa = PBXFrameworksBuildPhase;
			buildActionMask = 2147483647;
			files = (
			);
			runOnlyForDeploymentPostprocessing = 0;
		};
/* End PBXFrameworksBuildPhase section */

/* Begin PBXGroup section */
		8CB4F4852BF1191200BA2A90 = {
			isa = PBXGroup;
			children = (
				8CB4F4902BF1191200BA2A90 /* KodecoSwiftUICookbook */,
				8CB4F48F2BF1191200BA2A90 /* Products */,
			);
			sourceTree = "<group>";
		};
		8CB4F48F2BF1191200BA2A90 /* Products */ = {
			isa = PBXGroup;
			children = (
				8CB4F48E2BF1191200BA2A90 /* KodecoSwiftUICookbook.app */,
			);
			name = Products;
			sourceTree = "<group>";
		};
		8CB4F4902BF1191200BA2A90 /* KodecoSwiftUICookbook */ = {
			isa = PBXGroup;
			children = (
				8C2AEC382C08ECE400A80EF4 /* Info.plist */,
				8CB4F4912BF1191200BA2A90 /* KodecoSwiftUICookbookApp.swift */,
				8CB4F4932BF1191200BA2A90 /* ContentView.swift */,
				8CB4F4952BF1191400BA2A90 /* Assets.xcassets */,
				8CB4F4972BF1191400BA2A90 /* Preview Content */,
				8C44919B2BF507930005C1C2 /* RegistrationForm.swift */,
				8C573D9F2BF65F3A00501565 /* MoreSwiftUI.swift */,
				8C573DA32BF7C18400501565 /* Grid.swift */,
				8CA749C22BF9583200753A6A /* CustomViewModifier.swift */,
				8C2AEC2A2C0788DD00A80EF4 /* TextView.swift */,
				8CA749C42BF962FC00753A6A /* CustomShape.swift */,
				8C85E8C32BFA6E8A005B6201 /* SwiftUIState.swift */,
				8C85E8C52BFA73B2005B6201 /* SwiftUIBinding.swift */,
				8C85E8CD2BFBAFC6005B6201 /* ObservableObject & ObservedObject.swift */,
				8C85E8CF2BFBB520005B6201 /* Environment Objects.swift */,
				8C85E8D12BFD0496005B6201 /* StateObject.swift */,
				8C56A6D42BFFA56300D5AC2B /* StateManagementWithCombine.swift */,
				8C56A6D62BFFACF300D5AC2B /* AppStorage_SceneStorage.swift */,
				8C2AEC222C03A02200A80EF4 /* EnvironmentValuesSample.swift */,
				8C2AEC242C06381E00A80EF4 /* BestPracticeForStateManagement.swift */,
				8C2AEC2C2C07898C00A80EF4 /* StylingText.swift */,
				8C2AEC2E2C078A8A00A80EF4 /* MultilineTextView.swift */,
				8C2AEC302C078F8A00A80EF4 /* DynamicTypeTextStyles.swift */,
				8C2AEC322C07918800A80EF4 /* FormatText.swift */,
				8C2AEC342C08EA7000A80EF4 /* CustomFonts.swift */,
				8C2AEC362C08EC4A00A80EF4 /* RussoOne-Regular.ttf */,
				8C2AEC392C08F28800A80EF4 /* CreateTextField.swift */,
				8C2AEC412C0AE3FB00A80EF4 /* SeureFieldView.swift */,
				8C2AEC432C0AE66100A80EF4 /* TextFieldKeyboardType.swift */,
				8C1049392C19563D0065C88C /* AddStepper.swift */,
				8C1049352C19470A0065C88C /* FormWithSecitons.swift */,
				8C2AEC452C0CD0D400A80EF4 /* LoadImage.swift */,
				8C2AEC472C0CD30000A80EF4 /* AspectRatios.swift */,
				8C2AEC492C0CD42300A80EF4 /* CropImage.swift */,
				8C2AEC4D2C0EC3AB00A80EF4 /* SFSymbols.swift */,
				8C2AEC4F2C0F843F00A80EF4 /* CustomImageShape.swift */,
				8C08BA9E2C10C54500677F91 /* ShadowToImage.swift */,
				8C08BAA02C10C99A00677F91 /* FilterToImage.swift */,
				8C2AAA672C12239400C7B29C /* BlendTwoImages.swift */,
				8C2AAA692C1225F000C7B29C /* AnimatedImages.swift */,
				8CFECD332C18C0DF00632C90 /* TabViewWithList.swift */,
				8CFECD352C18C36B00632C90 /* ScrollingList.swift */,
				8C1049372C194CC20065C88C /* CreateCheckBox.swift */,
				8C2AAA6B2C122C7800C7B29C /* SwiftUIPhotosPicker.swift */,
				8C69C7032C13742700D5E041 /* ConsistentSwiftUIDesign.swift */,
				8C69C7052C137CD400D5E041 /* CreateButton.swift */,
				8C69C7072C137EB000D5E041 /* CustomizeButton.swift */,
				8C69C70B2C14C7A600D5E041 /* ImageToButton.swift */,
				8C69C70D2C14CD9E00D5E041 /* ActionToButton.swift */,
				8C69C70F2C14D06700D5E041 /* ToggleButton.swift */,
				8C69C7112C160C5400D5E041 /* GroupOfButtons.swift */,
				8C10493B2C1959020065C88C /* CreatePicker.swift */,
				8C69C7132C160D4F00D5E041 /* DisableButton.swift */,
				8C69C7152C1611DA00D5E041 /* IconToButton.swift */,
				8C69C7172C1612FA00D5E041 /* FullScreenButton.swift */,
				8C69C7192C16146400D5E041 /* AdvancedButtonStyling.swift */,
				8C69C71D2C167B1900D5E041 /* CreateList.swift */,
				8C69C71F2C16859B00D5E041 /* CustomizeListRows.swift */,
				8C69C7212C16A48000D5E041 /* NvigationToList.swift */,
				8CFECD292C175CA100632C90 /* NavigationTitle.swift */,
				8CFECD2B2C17C2DA00632C90 /* ButtonToNavigationBar.swift */,
				8CFECD2D2C17C7B600632C90 /* SectionHeaders.swift */,
				8CFECD2F2C17CB9600632C90 /* SearchBarInList.swift */,
				8CFECD312C18BA6F00632C90 /* SwipeActionsToList.swift */,
				8C64026B2C19FA4A00171F9D /* CreateDatePicker.swift */,
				8C64026D2C19FEDE00171F9D /* CreateSlider.swift */,
				8C64026F2C19FFDE00171F9D /* SegmentedControl.swift */,
				8C6402712C1A01F300171F9D /* AddProgressView.swift */,
				8C6402732C1A035A00171F9D /* CreateColorPicker.swift */,
				8C6402772C1A431400171F9D /* CreateTabView.swift */,
				8C6402792C1A44A400171F9D /* CustomizeTabView.swift */,
				8C64027B2C1A48E700171F9D /* CustomIconsToTabViewItems.swift */,
				8C64027D2C1A4AB900171F9D /* CreateSplitView.swift */,
				8CE526212C1B3FF900496A97 /* CustomizeSplitView.swift */,
				8CE526232C1B47AD00496A97 /* DetailViewToSplitView.swift */,
				8C3D5BC82C1BA51000B06F51 /* PresentModalViewfromTabView.swift */,
				8C3D5BCA2C1BA78200B06F51 /* SwitchTabsProgrammatically.swift */,
				8C3D5BCC2C1BA9C500B06F51 /* HideTabView.swift */,
				8C3D5BCE2C1BACA100B06F51 /* TabViewtoNavigationView.swift */,
				8C3D5BD02C1C94F600B06F51 /* AnimateProgressBar.swift */,
				8C3D5BD22C1C996400B06F51 /* SpinningActivityIndicator.swift */,
				8C3D5BD42C1C9AD900B06F51 /* CustomizeProgressIndicator.swift */,
				8C3D5BD62C1D496C00B06F51 /* CircularProgressBar.swift */,
				8C3D5BD82C1DE43000B06F51 /* DeterminateProgressBar.swift */,
				8C3D5BDA2C1DE8DC00B06F51 /* IndeterminateProgress.swift */,
				8C3D5BDC2C1DEAF900B06F51 /* ProgresViewToNavigationBar.swift */,
				8C3D5BDE2C1DED8600B06F51 /* CustomSegmentedProgressBar.swift */,
				8CC751172C1E29B5002E73E6 /* CustomProgressView.swift */,
				8CC7511B2C1E30D3002E73E6 /* FramesAndAlignment.swift */,
				8CC7511D2C1E33DF002E73E6 /* ViewThatFitsView.swift */,
				8C3B780A2C1F3533000643C9 /* LazyVGridLazyHGrid.swift */,
				8C3B780C2C1F3BAF000643C9 /* SwiftUIScrollView.swift */,
				8C3B780E2C1F3EE4000643C9 /* ZStackVStack.swift */,
				8CDC11F92C20B7E80052A33F /* HStackAndSpacer.swift */,
				8CDC11FB2C20B8E40052A33F /* GeometryReaderView.swift */,
				8CDC11FD2C20BA8E0052A33F /* PaddingSpacing.swift */,
				8CDC11FF2C20C20C0052A33F /* AlignmentGuides.swift */,
				8CDC12012C20C49B0052A33F /* SafeAreasView.swift */,
				8C3A09102C21D8DA00871DBA /* DeclareAnimation.swift */,
				8C3A09122C21DBC500871DBA /* AnimateViewsOpacity.swift */,
				8C3A09142C21DFCC00871DBA /* AnimateViewsPosition.swift */,
				8C3A09162C232CED00871DBA /* AnimateViewsRotation.swift */,
				8C3A09182C232F6300871DBA /* AnimateViewsSize.swift */,
				8C3A091A2C23315300871DBA /* SprintAnimation.swift */,
				8CEB62552C24A7B4004146AD /* DelayedAnimation.swift */,
				8CAD5CF32C24AAD500BFCC4D /* RepeatingAnimation.swift */,
				8CAD5CF52C24AC8900BFCC4D /* ChainMultipleAnimations .swift */,
				8C3E3AEF2C25EC0100741473 /* AnimateBindingValues.swift */,
				8C3E3AF12C25F99C00741473 /* AnimateViewTransitions.swift */,
				8CE003BA2C2722A8001FF8F3 /* DetectingTaps.swift */,
				8CE003BC2C272492001FF8F3 /* LongPressGestures.swift */,
				8CE003BE2C27264E001FF8F3 /* DraggingGestures.swift */,
				8C5E22092C288F3A00CCE092 /* SwipeToDelete.swift */,
				8C5E220B2C2891C800CCE092 /* RotatingViewsWithGestures.swift */,
				8C5E220D2C28962700CCE092 /* PinchToZoom.swift */,
				8CF80A3A2C29C183008F3683 /* GesturePriority.swift */,
				8CF80A3C2C29C6F6008F3683 /* SequencingGestures.swift */,
				8C3E31952C2BB94F0043422E /* ExclusiveGestures.swift */,
				8C3E31972C2BC00F0043422E /* SimultaneousGestures.swift */,
				8CDBE2C62C2C64B6007F3DB8 /* CreateATextField.swift */,
				8CDBE2C82C2C667B007F3DB8 /* CreateTextEditor.swift */,
				8CDBE2CA2C2C679A007F3DB8 /* ScrollableTextField.swift */,
				8CDBE2CC2C2C6AB7007F3DB8 /* TextFieldWithOptional.swift */,
				8CDBE2CE2C2DB5F9007F3DB8 /* FormatTextInTextField.swift */,
				8CDBE2D22C2DC117007F3DB8 /* StyleTextField.swift */,
				8CDBE2D42C2F0BED007F3DB8 /* SecureFieldTextInput.swift */,
				8CDBE2D62C2F0DCA007F3DB8 /* StyleTextEditor.swift */,
				8CDBE2D82C2F1050007F3DB8 /* FindAndReplaceToTextEditor.swift */,
				8CA39B902C2FC68A002221B6 /* DismissKeyboardOnScroll.swift */,
				8CEA48CB2C305AD000E5F251 /* CreateModalView.swift */,
				8CEA48CD2C305C4500E5F251 /* DismissModalView.swift */,
				8CEA48CF2C30636800E5F251 /* PassDataToModalView.swift */,
				8C99998C2C30A4A0002A0720 /* FullScreenModalView.swift */,
				8C99998E2C30A6DF002A0720 /* CreatePopover.swift */,
				8C0B550F2C31AE7900BFAFE9 /* ConfigureModalViewHeight.swift */,
				8C0B55112C31B17E00BFAFE9 /* ListToModal.swift */,
				8C2B26B92C31F02E00D5AFCA /* CustomizeCornerRadiusModal.swift */,
				8C2B26BB2C31F50900D5AFCA /* CustomBackgroundForModal.swift */,
				8C2B26BD2C31F7EE00D5AFCA /* ControlInteractionwithViewBehindModal.swift */,
				8C2B26BF2C32FA7A00D5AFCA /* CreateAlert.swift */,
				8C2B26C12C32FE9B00D5AFCA /* HandleErrorsWithAlert.swift */,
				8C2B26C32C3304C600D5AFCA /* PresentConfirmationDialog.swift */,
				8CCE8E0F2C3345C60013F14F /* CreateAudioPlayer.swift */,
				8CCE8E112C334BA40013F14F /* sound */,
				8C22862A2C344E8A0011BE64 /* CreateVideoPlayer.swift */,
				8C22862C2C3452E20011BE64 /* CustomizingAudioVideoPlayback.swift */,
				8CC697BA2C34CD6800F534FE /* AudioVideoInBackground.swift */,
				8C14B4EA2C35014D0007D76A /* RecordingAudioVideo.swift */,
				8C4B01DA2C359DFF0072EEFC /* SoundEffects.swift */,
				8C4B01DC2C35A34B0072EEFC /* VideoStreaming.swift */,
				8C4B01DE2C35A6EE0072EEFC /* AnimatedVisualizationsForAudioVideo.swift */,
				8C4B01E22C35E42D0072EEFC /* CaptionsSubtitlesToVideos.swift */,
				8C4B01E42C35ECEE0072EEFC /* HandlingErrorsExceptionsWhilePlayingAudioVideo.swift */,
				8C8C632D2C3B13A700135D6C /* DynamicTypeRorAccessibility.swift */,
				8C8C632F2C3B154B00135D6C /* VoiceOver.swift */,
				8C8C63312C3B1AF600135D6C /* VoiceOver2.swift */,
				8C8C63332C3C664B00135D6C /* ImagesAccessibleWithDescriptions.swift */,
				8C8C63352C3C6AD200135D6C /* ViewValuesForAccessibility.swift */,
			);
			path = KodecoSwiftUICookbook;
			sourceTree = "<group>";
		};
		8CB4F4972BF1191400BA2A90 /* Preview Content */ = {
			isa = PBXGroup;
			children = (
				8CB4F4982BF1191400BA2A90 /* Preview Assets.xcassets */,
			);
			path = "Preview Content";
			sourceTree = "<group>";
		};
		8CCE8E112C334BA40013F14F /* sound */ = {
			isa = PBXGroup;
			children = (
				8CCE8E172C334C0A0013F14F /* BookTrailer.m4v */,
				8CCE8E152C334C0A0013F14F /* bounce.wav */,
				8CCE8E162C334C0A0013F14F /* button.wav */,
				8CCE8E182C334C0A0013F14F /* crawler_die.wav */,
				8CCE8E1B2C334C0A0013F14F /* crawler_jump.wav */,
				8CCE8E132C334C0A0013F14F /* flyerattack.wav */,
				8CCE8E1A2C334C0A0013F14F /* flyercloseeye.wav */,
				8CCE8E192C334C0A0013F14F /* flyerdie.wav */,
				8CCE8E142C334C0A0013F14F /* PocketCyclopsLvl1.mp3 */,
			);
			path = sound;
			sourceTree = "<group>";
		};
/* End PBXGroup section */

/* Begin PBXNativeTarget section */
		8CB4F48D2BF1191200BA2A90 /* KodecoSwiftUICookbook */ = {
			isa = PBXNativeTarget;
			buildConfigurationList = 8CB4F49C2BF1191400BA2A90 /* Build configuration list for PBXNativeTarget "KodecoSwiftUICookbook" */;
			buildPhases = (
				8CB4F48A2BF1191200BA2A90 /* Sources */,
				8CB4F48B2BF1191200BA2A90 /* Frameworks */,
				8CB4F48C2BF1191200BA2A90 /* Resources */,
			);
			buildRules = (
			);
			dependencies = (
			);
			name = KodecoSwiftUICookbook;
			productName = KodecoSwiftUICookbook;
			productReference = 8CB4F48E2BF1191200BA2A90 /* KodecoSwiftUICookbook.app */;
			productType = "com.apple.product-type.application";
		};
/* End PBXNativeTarget section */

/* Begin PBXProject section */
		8CB4F4862BF1191200BA2A90 /* Project object */ = {
			isa = PBXProject;
			attributes = {
				BuildIndependentTargetsInParallel = 1;
				LastSwiftUpdateCheck = 1510;
				LastUpgradeCheck = 1510;
				TargetAttributes = {
					8CB4F48D2BF1191200BA2A90 = {
						CreatedOnToolsVersion = 15.1;
					};
				};
			};
			buildConfigurationList = 8CB4F4892BF1191200BA2A90 /* Build configuration list for PBXProject "KodecoSwiftUICookbook" */;
			compatibilityVersion = "Xcode 14.0";
			developmentRegion = en;
			hasScannedForEncodings = 0;
			knownRegions = (
				en,
				Base,
			);
			mainGroup = 8CB4F4852BF1191200BA2A90;
			productRefGroup = 8CB4F48F2BF1191200BA2A90 /* Products */;
			projectDirPath = "";
			projectRoot = "";
			targets = (
				8CB4F48D2BF1191200BA2A90 /* KodecoSwiftUICookbook */,
			);
		};
/* End PBXProject section */

/* Begin PBXResourcesBuildPhase section */
		8CB4F48C2BF1191200BA2A90 /* Resources */ = {
			isa = PBXResourcesBuildPhase;
			buildActionMask = 2147483647;
			files = (
				8CCE8E222C334C0A0013F14F /* flyerdie.wav in Resources */,
				8CB4F4992BF1191400BA2A90 /* Preview Assets.xcassets in Resources */,
				8CCE8E232C334C0A0013F14F /* flyercloseeye.wav in Resources */,
				8CCE8E242C334C0A0013F14F /* crawler_jump.wav in Resources */,
				8CCE8E1C2C334C0A0013F14F /* flyerattack.wav in Resources */,
				8CCE8E202C334C0A0013F14F /* BookTrailer.m4v in Resources */,
				8C2AEC372C08EC4B00A80EF4 /* RussoOne-Regular.ttf in Resources */,
				8CCE8E212C334C0A0013F14F /* crawler_die.wav in Resources */,
				8CB4F4962BF1191400BA2A90 /* Assets.xcassets in Resources */,
				8CCE8E1F2C334C0A0013F14F /* button.wav in Resources */,
				8CCE8E1E2C334C0A0013F14F /* bounce.wav in Resources */,
				8CCE8E1D2C334C0A0013F14F /* PocketCyclopsLvl1.mp3 in Resources */,
			);
			runOnlyForDeploymentPostprocessing = 0;
		};
/* End PBXResourcesBuildPhase section */

/* Begin PBXSourcesBuildPhase section */
		8CB4F48A2BF1191200BA2A90 /* Sources */ = {
			isa = PBXSourcesBuildPhase;
			buildActionMask = 2147483647;
			files = (
				8CEA48CC2C305AD000E5F251 /* CreateModalView.swift in Sources */,
				8C3D5BD52C1C9AD900B06F51 /* CustomizeProgressIndicator.swift in Sources */,
				8CDBE2C92C2C667B007F3DB8 /* CreateTextEditor.swift in Sources */,
				8C69C7102C14D06700D5E041 /* ToggleButton.swift in Sources */,
				8CE003BF2C27264E001FF8F3 /* DraggingGestures.swift in Sources */,
				8C4B01E52C35ECEE0072EEFC /* HandlingErrorsExceptionsWhilePlayingAudioVideo.swift in Sources */,
				8C8C63302C3B154B00135D6C /* VoiceOver.swift in Sources */,
				8C3A09172C232CED00871DBA /* AnimateViewsRotation.swift in Sources */,
				8C2AAA6C2C122C7800C7B29C /* SwiftUIPhotosPicker.swift in Sources */,
				8C69C71A2C16146400D5E041 /* AdvancedButtonStyling.swift in Sources */,
				8C2B26C42C3304C600D5AFCA /* PresentConfirmationDialog.swift in Sources */,
				8CDC12002C20C20C0052A33F /* AlignmentGuides.swift in Sources */,
				8CDBE2C72C2C64B6007F3DB8 /* CreateATextField.swift in Sources */,
				8C85E8D22BFD0496005B6201 /* StateObject.swift in Sources */,
				8CB4F4942BF1191200BA2A90 /* ContentView.swift in Sources */,
				8C2AEC3A2C08F28800A80EF4 /* CreateTextField.swift in Sources */,
				8CDBE2CF2C2DB5F9007F3DB8 /* FormatTextInTextField.swift in Sources */,
				8C8C63322C3B1AF600135D6C /* VoiceOver2.swift in Sources */,
				8C3A09192C232F6300871DBA /* AnimateViewsSize.swift in Sources */,
				8C2B26BE2C31F7EE00D5AFCA /* ControlInteractionwithViewBehindModal.swift in Sources */,
				8C69C70E2C14CD9E00D5E041 /* ActionToButton.swift in Sources */,
				8CF80A3D2C29C6F6008F3683 /* SequencingGestures.swift in Sources */,
				8C5E220C2C2891C800CCE092 /* RotatingViewsWithGestures.swift in Sources */,
				8CEA48CE2C305C4500E5F251 /* DismissModalView.swift in Sources */,
				8C10493C2C1959020065C88C /* CreatePicker.swift in Sources */,
				8C5E220E2C28962700CCE092 /* PinchToZoom.swift in Sources */,
				8C3A091B2C23315300871DBA /* SprintAnimation.swift in Sources */,
				8CDC12022C20C49B0052A33F /* SafeAreasView.swift in Sources */,
				8C85E8D02BFBB520005B6201 /* Environment Objects.swift in Sources */,
				8C3E3AF02C25EC0100741473 /* AnimateBindingValues.swift in Sources */,
				8C85E8C42BFA6E8A005B6201 /* SwiftUIState.swift in Sources */,
				8C5E220A2C288F3A00CCE092 /* SwipeToDelete.swift in Sources */,
				8C99998D2C30A4A0002A0720 /* FullScreenModalView.swift in Sources */,
				8C69C7222C16A48000D5E041 /* NvigationToList.swift in Sources */,
				8CB4F4922BF1191200BA2A90 /* KodecoSwiftUICookbookApp.swift in Sources */,
				8CFECD322C18BA6F00632C90 /* SwipeActionsToList.swift in Sources */,
				8C08BA9F2C10C54500677F91 /* ShadowToImage.swift in Sources */,
				8C1049362C19470A0065C88C /* FormWithSecitons.swift in Sources */,
				8CA749C32BF9583200753A6A /* CustomViewModifier.swift in Sources */,
				8CDBE2CB2C2C679A007F3DB8 /* ScrollableTextField.swift in Sources */,
				8C64026C2C19FA4A00171F9D /* CreateDatePicker.swift in Sources */,
				8C2AEC2F2C078A8A00A80EF4 /* MultilineTextView.swift in Sources */,
				8CEB62562C24A7B4004146AD /* DelayedAnimation.swift in Sources */,
				8C69C7062C137CD400D5E041 /* CreateButton.swift in Sources */,
				8C69C71E2C167B1900D5E041 /* CreateList.swift in Sources */,
				8C3D5BD12C1C94F600B06F51 /* AnimateProgressBar.swift in Sources */,
				8CC7511C2C1E30D3002E73E6 /* FramesAndAlignment.swift in Sources */,
				8C85E8C62BFA73B2005B6201 /* SwiftUIBinding.swift in Sources */,
				8C3A09132C21DBC500871DBA /* AnimateViewsOpacity.swift in Sources */,
				8C0B55122C31B17E00BFAFE9 /* ListToModal.swift in Sources */,
				8C69C7042C13742700D5E041 /* ConsistentSwiftUIDesign.swift in Sources */,
				8C22862D2C3452E20011BE64 /* CustomizingAudioVideoPlayback.swift in Sources */,
				8C69C7182C1612FA00D5E041 /* FullScreenButton.swift in Sources */,
				8C69C70C2C14C7A600D5E041 /* ImageToButton.swift in Sources */,
				8CC751182C1E29B5002E73E6 /* CustomProgressView.swift in Sources */,
				8C2AAA6A2C1225F000C7B29C /* AnimatedImages.swift in Sources */,
				8C8C63362C3C6AD200135D6C /* ViewValuesForAccessibility.swift in Sources */,
				8C573DA02BF65F3A00501565 /* MoreSwiftUI.swift in Sources */,
				8C3D5BDB2C1DE8DC00B06F51 /* IndeterminateProgress.swift in Sources */,
				8C1049382C194CC20065C88C /* CreateCheckBox.swift in Sources */,
				8CAD5CF62C24AC8A00BFCC4D /* ChainMultipleAnimations .swift in Sources */,
				8CDBE2D32C2DC117007F3DB8 /* StyleTextField.swift in Sources */,
				8CFECD342C18C0DF00632C90 /* TabViewWithList.swift in Sources */,
				8C10493A2C19563D0065C88C /* AddStepper.swift in Sources */,
				8C3D5BDD2C1DEAF900B06F51 /* ProgresViewToNavigationBar.swift in Sources */,
				8CE003BD2C272492001FF8F3 /* LongPressGestures.swift in Sources */,
				8CDBE2D52C2F0BED007F3DB8 /* SecureFieldTextInput.swift in Sources */,
				8CF80A3B2C29C183008F3683 /* GesturePriority.swift in Sources */,
				8C3D5BDF2C1DED8600B06F51 /* CustomSegmentedProgressBar.swift in Sources */,
				8C69C7082C137EB000D5E041 /* CustomizeButton.swift in Sources */,
				8C573DA42BF7C18400501565 /* Grid.swift in Sources */,
				8CC697BB2C34CD6800F534FE /* AudioVideoInBackground.swift in Sources */,
				8C22862B2C344E8A0011BE64 /* CreateVideoPlayer.swift in Sources */,
				8C3A09112C21D8DA00871DBA /* DeclareAnimation.swift in Sources */,
				8C3A09152C21DFCC00871DBA /* AnimateViewsPosition.swift in Sources */,
				8C99998F2C30A6DF002A0720 /* CreatePopover.swift in Sources */,
				8C69C7122C160C5400D5E041 /* GroupOfButtons.swift in Sources */,
				8C2B26BC2C31F50900D5AFCA /* CustomBackgroundForModal.swift in Sources */,
				8CFECD302C17CB9700632C90 /* SearchBarInList.swift in Sources */,
				8CE003BB2C2722A8001FF8F3 /* DetectingTaps.swift in Sources */,
				8C3D5BD92C1DE43000B06F51 /* DeterminateProgressBar.swift in Sources */,
				8C4B01DD2C35A34B0072EEFC /* VideoStreaming.swift in Sources */,
				8C0B55102C31AE7900BFAFE9 /* ConfigureModalViewHeight.swift in Sources */,
				8C6402742C1A035A00171F9D /* CreateColorPicker.swift in Sources */,
				8C2AEC462C0CD0D400A80EF4 /* LoadImage.swift in Sources */,
				8CFECD2A2C175CA100632C90 /* NavigationTitle.swift in Sources */,
				8CDBE2D72C2F0DCA007F3DB8 /* StyleTextEditor.swift in Sources */,
				8C64027C2C1A48E700171F9D /* CustomIconsToTabViewItems.swift in Sources */,
				8C3E3AF22C25F99C00741473 /* AnimateViewTransitions.swift in Sources */,
				8C3B780D2C1F3BAF000643C9 /* SwiftUIScrollView.swift in Sources */,
				8C2AEC482C0CD30000A80EF4 /* AspectRatios.swift in Sources */,
				8C3D5BCF2C1BACA100B06F51 /* TabViewtoNavigationView.swift in Sources */,
				8CFECD362C18C36B00632C90 /* ScrollingList.swift in Sources */,
				8C2B26C22C32FE9B00D5AFCA /* HandleErrorsWithAlert.swift in Sources */,
				8C6402782C1A431400171F9D /* CreateTabView.swift in Sources */,
				8C4B01E32C35E42D0072EEFC /* CaptionsSubtitlesToVideos.swift in Sources */,
				8C3B780B2C1F3533000643C9 /* LazyVGridLazyHGrid.swift in Sources */,
				8CCE8E102C3345C60013F14F /* CreateAudioPlayer.swift in Sources */,
				8CEA48D02C30636800E5F251 /* PassDataToModalView.swift in Sources */,
				8C8C632E2C3B13A700135D6C /* DynamicTypeRorAccessibility.swift in Sources */,
				8C14B4EB2C35014D0007D76A /* RecordingAudioVideo.swift in Sources */,
				8C6402702C19FFDE00171F9D /* SegmentedControl.swift in Sources */,
				8CFECD2E2C17C7B600632C90 /* SectionHeaders.swift in Sources */,
				8CDBE2CD2C2C6AB7007F3DB8 /* TextFieldWithOptional.swift in Sources */,
				8C3B780F2C1F3EE4000643C9 /* ZStackVStack.swift in Sources */,
				8C3E31982C2BC00F0043422E /* SimultaneousGestures.swift in Sources */,
				8C3D5BCD2C1BA9C500B06F51 /* HideTabView.swift in Sources */,
				8C3D5BD32C1C996400B06F51 /* SpinningActivityIndicator.swift in Sources */,
				8C2AEC422C0AE3FB00A80EF4 /* SeureFieldView.swift in Sources */,
				8C2AEC312C078F8A00A80EF4 /* DynamicTypeTextStyles.swift in Sources */,
				8C6402722C1A01F300171F9D /* AddProgressView.swift in Sources */,
				8C64027E2C1A4AB900171F9D /* CreateSplitView.swift in Sources */,
				8C85E8CE2BFBAFC6005B6201 /* ObservableObject & ObservedObject.swift in Sources */,
				8C8C63342C3C664B00135D6C /* ImagesAccessibleWithDescriptions.swift in Sources */,
				8C2AEC442C0AE66100A80EF4 /* TextFieldKeyboardType.swift in Sources */,
				8C2AEC232C03A02200A80EF4 /* EnvironmentValuesSample.swift in Sources */,
				8CDC11FC2C20B8E40052A33F /* GeometryReaderView.swift in Sources */,
				8C2AEC2B2C0788DD00A80EF4 /* TextView.swift in Sources */,
				8C69C7162C1611DA00D5E041 /* IconToButton.swift in Sources */,
				8C2B26BA2C31F02E00D5AFCA /* CustomizeCornerRadiusModal.swift in Sources */,
				8CA39B912C2FC68A002221B6 /* DismissKeyboardOnScroll.swift in Sources */,
				8C56A6D72BFFACF300D5AC2B /* AppStorage_SceneStorage.swift in Sources */,
				8CC7511E2C1E33DF002E73E6 /* ViewThatFitsView.swift in Sources */,
				8CA749C52BF962FC00753A6A /* CustomShape.swift in Sources */,
				8C2AEC4A2C0CD42300A80EF4 /* CropImage.swift in Sources */,
				8CDC11FA2C20B7E80052A33F /* HStackAndSpacer.swift in Sources */,
				8C64026E2C19FEDE00171F9D /* CreateSlider.swift in Sources */,
				8C2B26C02C32FA7A00D5AFCA /* CreateAlert.swift in Sources */,
				8C2AEC252C06381E00A80EF4 /* BestPracticeForStateManagement.swift in Sources */,
				8C2AEC2D2C07898C00A80EF4 /* StylingText.swift in Sources */,
				8C2AEC502C0F843F00A80EF4 /* CustomImageShape.swift in Sources */,
				8C2AAA682C12239400C7B29C /* BlendTwoImages.swift in Sources */,
				8C64027A2C1A44A400171F9D /* CustomizeTabView.swift in Sources */,
				8C69C7142C160D4F00D5E041 /* DisableButton.swift in Sources */,
				8CE526242C1B47AD00496A97 /* DetailViewToSplitView.swift in Sources */,
				8CDC11FE2C20BA8E0052A33F /* PaddingSpacing.swift in Sources */,
				8CFECD2C2C17C2DA00632C90 /* ButtonToNavigationBar.swift in Sources */,
				8C4B01DF2C35A6EE0072EEFC /* AnimatedVisualizationsForAudioVideo.swift in Sources */,
				8C3D5BCB2C1BA78200B06F51 /* SwitchTabsProgrammatically.swift in Sources */,
				8C08BAA12C10C99A00677F91 /* FilterToImage.swift in Sources */,
				8C2AEC4E2C0EC3AB00A80EF4 /* SFSymbols.swift in Sources */,
				8C3D5BC92C1BA51000B06F51 /* PresentModalViewfromTabView.swift in Sources */,
				8CAD5CF42C24AAD500BFCC4D /* RepeatingAnimation.swift in Sources */,
				8C4B01DB2C359DFF0072EEFC /* SoundEffects.swift in Sources */,
				8C2AEC332C07918900A80EF4 /* FormatText.swift in Sources */,
				8C3D5BD72C1D496C00B06F51 /* CircularProgressBar.swift in Sources */,
				8C69C7202C16859B00D5E041 /* CustomizeListRows.swift in Sources */,
				8C2AEC352C08EA7000A80EF4 /* CustomFonts.swift in Sources */,
				8CE526222C1B3FF900496A97 /* CustomizeSplitView.swift in Sources */,
				8CDBE2D92C2F1050007F3DB8 /* FindAndReplaceToTextEditor.swift in Sources */,
				8C56A6D52BFFA56300D5AC2B /* StateManagementWithCombine.swift in Sources */,
				8C3E31962C2BB94F0043422E /* ExclusiveGestures.swift in Sources */,
				8C44919C2BF507930005C1C2 /* RegistrationForm.swift in Sources */,
			);
			runOnlyForDeploymentPostprocessing = 0;
		};
/* End PBXSourcesBuildPhase section */

/* Begin XCBuildConfiguration section */
		8CB4F49A2BF1191400BA2A90 /* Debug */ = {
			isa = XCBuildConfiguration;
			buildSettings = {
				ALWAYS_SEARCH_USER_PATHS = NO;
				ASSETCATALOG_COMPILER_GENERATE_SWIFT_ASSET_SYMBOL_EXTENSIONS = YES;
				CLANG_ANALYZER_NONNULL = YES;
				CLANG_ANALYZER_NUMBER_OBJECT_CONVERSION = YES_AGGRESSIVE;
				CLANG_CXX_LANGUAGE_STANDARD = "gnu++20";
				CLANG_ENABLE_MODULES = YES;
				CLANG_ENABLE_OBJC_ARC = YES;
				CLANG_ENABLE_OBJC_WEAK = YES;
				CLANG_WARN_BLOCK_CAPTURE_AUTORELEASING = YES;
				CLANG_WARN_BOOL_CONVERSION = YES;
				CLANG_WARN_COMMA = YES;
				CLANG_WARN_CONSTANT_CONVERSION = YES;
				CLANG_WARN_DEPRECATED_OBJC_IMPLEMENTATIONS = YES;
				CLANG_WARN_DIRECT_OBJC_ISA_USAGE = YES_ERROR;
				CLANG_WARN_DOCUMENTATION_COMMENTS = YES;
				CLANG_WARN_EMPTY_BODY = YES;
				CLANG_WARN_ENUM_CONVERSION = YES;
				CLANG_WARN_INFINITE_RECURSION = YES;
				CLANG_WARN_INT_CONVERSION = YES;
				CLANG_WARN_NON_LITERAL_NULL_CONVERSION = YES;
				CLANG_WARN_OBJC_IMPLICIT_RETAIN_SELF = YES;
				CLANG_WARN_OBJC_LITERAL_CONVERSION = YES;
				CLANG_WARN_OBJC_ROOT_CLASS = YES_ERROR;
				CLANG_WARN_QUOTED_INCLUDE_IN_FRAMEWORK_HEADER = YES;
				CLANG_WARN_RANGE_LOOP_ANALYSIS = YES;
				CLANG_WARN_STRICT_PROTOTYPES = YES;
				CLANG_WARN_SUSPICIOUS_MOVE = YES;
				CLANG_WARN_UNGUARDED_AVAILABILITY = YES_AGGRESSIVE;
				CLANG_WARN_UNREACHABLE_CODE = YES;
				CLANG_WARN__DUPLICATE_METHOD_MATCH = YES;
				COPY_PHASE_STRIP = NO;
				DEBUG_INFORMATION_FORMAT = dwarf;
				ENABLE_STRICT_OBJC_MSGSEND = YES;
				ENABLE_TESTABILITY = YES;
				ENABLE_USER_SCRIPT_SANDBOXING = YES;
				GCC_C_LANGUAGE_STANDARD = gnu17;
				GCC_DYNAMIC_NO_PIC = NO;
				GCC_NO_COMMON_BLOCKS = YES;
				GCC_OPTIMIZATION_LEVEL = 0;
				GCC_PREPROCESSOR_DEFINITIONS = (
					"DEBUG=1",
					"$(inherited)",
				);
				GCC_WARN_64_TO_32_BIT_CONVERSION = YES;
				GCC_WARN_ABOUT_RETURN_TYPE = YES_ERROR;
				GCC_WARN_UNDECLARED_SELECTOR = YES;
				GCC_WARN_UNINITIALIZED_AUTOS = YES_AGGRESSIVE;
				GCC_WARN_UNUSED_FUNCTION = YES;
				GCC_WARN_UNUSED_VARIABLE = YES;
				IPHONEOS_DEPLOYMENT_TARGET = 17.2;
				LOCALIZATION_PREFERS_STRING_CATALOGS = YES;
				MTL_ENABLE_DEBUG_INFO = INCLUDE_SOURCE;
				MTL_FAST_MATH = YES;
				ONLY_ACTIVE_ARCH = YES;
				SDKROOT = iphoneos;
				SWIFT_ACTIVE_COMPILATION_CONDITIONS = "DEBUG $(inherited)";
				SWIFT_OPTIMIZATION_LEVEL = "-Onone";
			};
			name = Debug;
		};
		8CB4F49B2BF1191400BA2A90 /* Release */ = {
			isa = XCBuildConfiguration;
			buildSettings = {
				ALWAYS_SEARCH_USER_PATHS = NO;
				ASSETCATALOG_COMPILER_GENERATE_SWIFT_ASSET_SYMBOL_EXTENSIONS = YES;
				CLANG_ANALYZER_NONNULL = YES;
				CLANG_ANALYZER_NUMBER_OBJECT_CONVERSION = YES_AGGRESSIVE;
				CLANG_CXX_LANGUAGE_STANDARD = "gnu++20";
				CLANG_ENABLE_MODULES = YES;
				CLANG_ENABLE_OBJC_ARC = YES;
				CLANG_ENABLE_OBJC_WEAK = YES;
				CLANG_WARN_BLOCK_CAPTURE_AUTORELEASING = YES;
				CLANG_WARN_BOOL_CONVERSION = YES;
				CLANG_WARN_COMMA = YES;
				CLANG_WARN_CONSTANT_CONVERSION = YES;
				CLANG_WARN_DEPRECATED_OBJC_IMPLEMENTATIONS = YES;
				CLANG_WARN_DIRECT_OBJC_ISA_USAGE = YES_ERROR;
				CLANG_WARN_DOCUMENTATION_COMMENTS = YES;
				CLANG_WARN_EMPTY_BODY = YES;
				CLANG_WARN_ENUM_CONVERSION = YES;
				CLANG_WARN_INFINITE_RECURSION = YES;
				CLANG_WARN_INT_CONVERSION = YES;
				CLANG_WARN_NON_LITERAL_NULL_CONVERSION = YES;
				CLANG_WARN_OBJC_IMPLICIT_RETAIN_SELF = YES;
				CLANG_WARN_OBJC_LITERAL_CONVERSION = YES;
				CLANG_WARN_OBJC_ROOT_CLASS = YES_ERROR;
				CLANG_WARN_QUOTED_INCLUDE_IN_FRAMEWORK_HEADER = YES;
				CLANG_WARN_RANGE_LOOP_ANALYSIS = YES;
				CLANG_WARN_STRICT_PROTOTYPES = YES;
				CLANG_WARN_SUSPICIOUS_MOVE = YES;
				CLANG_WARN_UNGUARDED_AVAILABILITY = YES_AGGRESSIVE;
				CLANG_WARN_UNREACHABLE_CODE = YES;
				CLANG_WARN__DUPLICATE_METHOD_MATCH = YES;
				COPY_PHASE_STRIP = NO;
				DEBUG_INFORMATION_FORMAT = "dwarf-with-dsym";
				ENABLE_NS_ASSERTIONS = NO;
				ENABLE_STRICT_OBJC_MSGSEND = YES;
				ENABLE_USER_SCRIPT_SANDBOXING = YES;
				GCC_C_LANGUAGE_STANDARD = gnu17;
				GCC_NO_COMMON_BLOCKS = YES;
				GCC_WARN_64_TO_32_BIT_CONVERSION = YES;
				GCC_WARN_ABOUT_RETURN_TYPE = YES_ERROR;
				GCC_WARN_UNDECLARED_SELECTOR = YES;
				GCC_WARN_UNINITIALIZED_AUTOS = YES_AGGRESSIVE;
				GCC_WARN_UNUSED_FUNCTION = YES;
				GCC_WARN_UNUSED_VARIABLE = YES;
				IPHONEOS_DEPLOYMENT_TARGET = 17.2;
				LOCALIZATION_PREFERS_STRING_CATALOGS = YES;
				MTL_ENABLE_DEBUG_INFO = NO;
				MTL_FAST_MATH = YES;
				SDKROOT = iphoneos;
				SWIFT_COMPILATION_MODE = wholemodule;
				VALIDATE_PRODUCT = YES;
			};
			name = Release;
		};
		8CB4F49D2BF1191400BA2A90 /* Debug */ = {
			isa = XCBuildConfiguration;
			buildSettings = {
				ASSETCATALOG_COMPILER_APPICON_NAME = AppIcon;
				ASSETCATALOG_COMPILER_GLOBAL_ACCENT_COLOR_NAME = AccentColor;
				CODE_SIGN_STYLE = Automatic;
				CURRENT_PROJECT_VERSION = 1;
				DEVELOPMENT_ASSET_PATHS = "\"KodecoSwiftUICookbook/Preview Content\"";
				DEVELOPMENT_TEAM = 86C8SC428C;
				ENABLE_PREVIEWS = YES;
				GENERATE_INFOPLIST_FILE = YES;
				INFOPLIST_FILE = KodecoSwiftUICookbook/Info.plist;
				INFOPLIST_KEY_UIApplicationSceneManifest_Generation = YES;
				INFOPLIST_KEY_UIApplicationSupportsIndirectInputEvents = YES;
				INFOPLIST_KEY_UILaunchScreen_Generation = YES;
				INFOPLIST_KEY_UISupportedInterfaceOrientations_iPad = "UIInterfaceOrientationPortrait UIInterfaceOrientationPortraitUpsideDown UIInterfaceOrientationLandscapeLeft UIInterfaceOrientationLandscapeRight";
				INFOPLIST_KEY_UISupportedInterfaceOrientations_iPhone = "UIInterfaceOrientationPortrait UIInterfaceOrientationLandscapeLeft UIInterfaceOrientationLandscapeRight";
				IPHONEOS_DEPLOYMENT_TARGET = 17.2;
				LD_RUNPATH_SEARCH_PATHS = (
					"$(inherited)",
					"@executable_path/Frameworks",
				);
				MARKETING_VERSION = 1.0;
				PRODUCT_BUNDLE_IDENTIFIER = com.sigabrt.KodecoSwiftUICookbook;
				PRODUCT_NAME = "$(TARGET_NAME)";
				SUPPORTED_PLATFORMS = "iphoneos iphonesimulator macosx";
				SUPPORTS_MACCATALYST = NO;
				SWIFT_EMIT_LOC_STRINGS = YES;
				SWIFT_VERSION = 5.0;
				TARGETED_DEVICE_FAMILY = "1,2";
			};
			name = Debug;
		};
		8CB4F49E2BF1191400BA2A90 /* Release */ = {
			isa = XCBuildConfiguration;
			buildSettings = {
				ASSETCATALOG_COMPILER_APPICON_NAME = AppIcon;
				ASSETCATALOG_COMPILER_GLOBAL_ACCENT_COLOR_NAME = AccentColor;
				CODE_SIGN_STYLE = Automatic;
				CURRENT_PROJECT_VERSION = 1;
				DEVELOPMENT_ASSET_PATHS = "\"KodecoSwiftUICookbook/Preview Content\"";
				DEVELOPMENT_TEAM = 86C8SC428C;
				ENABLE_PREVIEWS = YES;
				GENERATE_INFOPLIST_FILE = YES;
				INFOPLIST_FILE = KodecoSwiftUICookbook/Info.plist;
				INFOPLIST_KEY_UIApplicationSceneManifest_Generation = YES;
				INFOPLIST_KEY_UIApplicationSupportsIndirectInputEvents = YES;
				INFOPLIST_KEY_UILaunchScreen_Generation = YES;
				INFOPLIST_KEY_UISupportedInterfaceOrientations_iPad = "UIInterfaceOrientationPortrait UIInterfaceOrientationPortraitUpsideDown UIInterfaceOrientationLandscapeLeft UIInterfaceOrientationLandscapeRight";
				INFOPLIST_KEY_UISupportedInterfaceOrientations_iPhone = "UIInterfaceOrientationPortrait UIInterfaceOrientationLandscapeLeft UIInterfaceOrientationLandscapeRight";
				IPHONEOS_DEPLOYMENT_TARGET = 17.2;
				LD_RUNPATH_SEARCH_PATHS = (
					"$(inherited)",
					"@executable_path/Frameworks",
				);
				MARKETING_VERSION = 1.0;
				PRODUCT_BUNDLE_IDENTIFIER = com.sigabrt.KodecoSwiftUICookbook;
				PRODUCT_NAME = "$(TARGET_NAME)";
				SUPPORTED_PLATFORMS = "iphoneos iphonesimulator macosx";
				SUPPORTS_MACCATALYST = NO;
				SWIFT_EMIT_LOC_STRINGS = YES;
				SWIFT_VERSION = 5.0;
				TARGETED_DEVICE_FAMILY = "1,2";
			};
			name = Release;
		};
/* End XCBuildConfiguration section */

/* Begin XCConfigurationList section */
		8CB4F4892BF1191200BA2A90 /* Build configuration list for PBXProject "KodecoSwiftUICookbook" */ = {
			isa = XCConfigurationList;
			buildConfigurations = (
				8CB4F49A2BF1191400BA2A90 /* Debug */,
				8CB4F49B2BF1191400BA2A90 /* Release */,
			);
			defaultConfigurationIsVisible = 0;
			defaultConfigurationName = Release;
		};
		8CB4F49C2BF1191400BA2A90 /* Build configuration list for PBXNativeTarget "KodecoSwiftUICookbook" */ = {
			isa = XCConfigurationList;
			buildConfigurations = (
				8CB4F49D2BF1191400BA2A90 /* Debug */,
				8CB4F49E2BF1191400BA2A90 /* Release */,
			);
			defaultConfigurationIsVisible = 0;
			defaultConfigurationName = Release;
		};
/* End XCConfigurationList section */
	};
	rootObject = 8CB4F4862BF1191200BA2A90 /* Project object */;
}
